// !$*UTF8*$!
{
	archiveVersion = 1;
	classes = {
	};
	objectVersion = 46;
	objects = {

/* Begin PBXBuildFile section */
		D25470191DAE72D200C7DCB9 /* main.m in Sources */ = {isa = PBXBuildFile; fileRef = D25470181DAE72D200C7DCB9 /* main.m */; };
		D254701C1DAE72D200C7DCB9 /* AppDelegate.m in Sources */ = {isa = PBXBuildFile; fileRef = D254701B1DAE72D200C7DCB9 /* AppDelegate.m */; };
		D254701F1DAE72D200C7DCB9 /* ViewController.m in Sources */ = {isa = PBXBuildFile; fileRef = D254701E1DAE72D200C7DCB9 /* ViewController.m */; };
		D25470221DAE72D200C7DCB9 /* Main.storyboard in Resources */ = {isa = PBXBuildFile; fileRef = D25470201DAE72D200C7DCB9 /* Main.storyboard */; };
		D25470241DAE72D200C7DCB9 /* Assets.xcassets in Resources */ = {isa = PBXBuildFile; fileRef = D25470231DAE72D200C7DCB9 /* Assets.xcassets */; };
		D25470271DAE72D200C7DCB9 /* LaunchScreen.storyboard in Resources */ = {isa = PBXBuildFile; fileRef = D25470251DAE72D200C7DCB9 /* LaunchScreen.storyboard */; };
		D25470321DAE72D200C7DCB9 /* dilibianmaTests.m in Sources */ = {isa = PBXBuildFile; fileRef = D25470311DAE72D200C7DCB9 /* dilibianmaTests.m */; };
		D254703D1DAE72D200C7DCB9 /* dilibianmaUITests.m in Sources */ = {isa = PBXBuildFile; fileRef = D254703C1DAE72D200C7DCB9 /* dilibianmaUITests.m */; };
		D254704C1DAE824200C7DCB9 /* CoreLocation.framework in Frameworks */ = {isa = PBXBuildFile; fileRef = D254704B1DAE824200C7DCB9 /* CoreLocation.framework */; };
/* End PBXBuildFile section */

/* Begin PBXContainerItemProxy section */
		D254702E1DAE72D200C7DCB9 /* PBXContainerItemProxy */ = {
			isa = PBXContainerItemProxy;
			containerPortal = D254700C1DAE72D200C7DCB9 /* Project object */;
			proxyType = 1;
			remoteGlobalIDString = D25470131DAE72D200C7DCB9;
			remoteInfo = dilibianma;
		};
		D25470391DAE72D200C7DCB9 /* PBXContainerItemProxy */ = {
			isa = PBXContainerItemProxy;
			containerPortal = D254700C1DAE72D200C7DCB9 /* Project object */;
			proxyType = 1;
			remoteGlobalIDString = D25470131DAE72D200C7DCB9;
			remoteInfo = dilibianma;
		};
/* End PBXContainerItemProxy section */

/* Begin PBXFileReference section */
		D25470141DAE72D200C7DCB9 /* dilibianma.app */ = {isa = PBXFileReference; explicitFileType = wrapper.application; includeInIndex = 0; path = dilibianma.app; sourceTree = BUILT_PRODUCTS_DIR; };
		D25470181DAE72D200C7DCB9 /* main.m */ = {isa = PBXFileReference; lastKnownFileType = sourcecode.c.objc; path = main.m; sourceTree = "<group>"; };
		D254701A1DAE72D200C7DCB9 /* AppDelegate.h */ = {isa = PBXFileReference; lastKnownFileType = sourcecode.c.h; path = AppDelegate.h; sourceTree = "<group>"; };
		D254701B1DAE72D200C7DCB9 /* AppDelegate.m */ = {isa = PBXFileReference; lastKnownFileType = sourcecode.c.objc; path = AppDelegate.m; sourceTree = "<group>"; };
		D254701D1DAE72D200C7DCB9 /* ViewController.h */ = {isa = PBXFileReference; lastKnownFileType = sourcecode.c.h; path = ViewController.h; sourceTree = "<group>"; };
		D254701E1DAE72D200C7DCB9 /* ViewController.m */ = {isa = PBXFileReference; lastKnownFileType = sourcecode.c.objc; path = ViewController.m; sourceTree = "<group>"; };
		D25470211DAE72D200C7DCB9 /* Base */ = {isa = PBXFileReference; lastKnownFileType = file.storyboard; name = Base; path = Base.lproj/Main.storyboard; sourceTree = "<group>"; };
		D25470231DAE72D200C7DCB9 /* Assets.xcassets */ = {isa = PBXFileReference; lastKnownFileType = folder.assetcatalog; path = Assets.xcassets; sourceTree = "<group>"; };
		D25470261DAE72D200C7DCB9 /* Base */ = {isa = PBXFileReference; lastKnownFileType = file.storyboard; name = Base; path = Base.lproj/LaunchScreen.storyboard; sourceTree = "<group>"; };
		D25470281DAE72D200C7DCB9 /* Info.plist */ = {isa = PBXFileReference; lastKnownFileType = text.plist.xml; path = Info.plist; sourceTree = "<group>"; };
		D254702D1DAE72D200C7DCB9 /* dilibianmaTests.xctest */ = {isa = PBXFileReference; explicitFileType = wrapper.cfbundle; includeInIndex = 0; path = dilibianmaTests.xctest; sourceTree = BUILT_PRODUCTS_DIR; };
		D25470311DAE72D200C7DCB9 /* dilibianmaTests.m */ = {isa = PBXFileReference; lastKnownFileType = sourcecode.c.objc; path = dilibianmaTests.m; sourceTree = "<group>"; };
		D25470331DAE72D200C7DCB9 /* Info.plist */ = {isa = PBXFileReference; lastKnownFileType = text.plist.xml; path = Info.plist; sourceTree = "<group>"; };
		D25470381DAE72D200C7DCB9 /* dilibianmaUITests.xctest */ = {isa = PBXFileReference; explicitFileType = wrapper.cfbundle; includeInIndex = 0; path = dilibianmaUITests.xctest; sourceTree = BUILT_PRODUCTS_DIR; };
		D254703C1DAE72D200C7DCB9 /* dilibianmaUITests.m */ = {isa = PBXFileReference; lastKnownFileType = sourcecode.c.objc; path = dilibianmaUITests.m; sourceTree = "<group>"; };
		D254703E1DAE72D200C7DCB9 /* Info.plist */ = {isa = PBXFileReference; lastKnownFileType = text.plist.xml; path = Info.plist; sourceTree = "<group>"; };
		D254704B1DAE824200C7DCB9 /* CoreLocation.framework */ = {isa = PBXFileReference; lastKnownFileType = wrapper.framework; name = CoreLocation.framework; path = System/Library/Frameworks/CoreLocation.framework; sourceTree = SDKROOT; };
/* End PBXFileReference section */

/* Begin PBXFrameworksBuildPhase section */
		D25470111DAE72D200C7DCB9 /* Frameworks */ = {
			isa = PBXFrameworksBuildPhase;
			buildActionMask = 2147483647;
			files = (
				D254704C1DAE824200C7DCB9 /* CoreLocation.framework in Frameworks */,
			);
			runOnlyForDeploymentPostprocessing = 0;
		};
		D254702A1DAE72D200C7DCB9 /* Frameworks */ = {
			isa = PBXFrameworksBuildPhase;
			buildActionMask = 2147483647;
			files = (
			);
			runOnlyForDeploymentPostprocessing = 0;
		};
		D25470351DAE72D200C7DCB9 /* Frameworks */ = {
			isa = PBXFrameworksBuildPhase;
			buildActionMask = 2147483647;
			files = (
			);
			runOnlyForDeploymentPostprocessing = 0;
		};
/* End PBXFrameworksBuildPhase section */

/* Begin PBXGroup section */
		D254700B1DAE72D200C7DCB9 = {
			isa = PBXGroup;
			children = (
				D25470161DAE72D200C7DCB9 /* dilibianma */,
				D25470301DAE72D200C7DCB9 /* dilibianmaTests */,
				D254703B1DAE72D200C7DCB9 /* dilibianmaUITests */,
				D25470151DAE72D200C7DCB9 /* Products */,
				D254704A1DAE824200C7DCB9 /* Frameworks */,
			);
			sourceTree = "<group>";
		};
		D25470151DAE72D200C7DCB9 /* Products */ = {
			isa = PBXGroup;
			children = (
				D25470141DAE72D200C7DCB9 /* dilibianma.app */,
				D254702D1DAE72D200C7DCB9 /* dilibianmaTests.xctest */,
				D25470381DAE72D200C7DCB9 /* dilibianmaUITests.xctest */,
			);
			name = Products;
			sourceTree = "<group>";
		};
		D25470161DAE72D200C7DCB9 /* dilibianma */ = {
			isa = PBXGroup;
			children = (
				D254701A1DAE72D200C7DCB9 /* AppDelegate.h */,
				D254701B1DAE72D200C7DCB9 /* AppDelegate.m */,
				D254701D1DAE72D200C7DCB9 /* ViewController.h */,
				D254701E1DAE72D200C7DCB9 /* ViewController.m */,
				D25470201DAE72D200C7DCB9 /* Main.storyboard */,
				D25470231DAE72D200C7DCB9 /* Assets.xcassets */,
				D25470251DAE72D200C7DCB9 /* LaunchScreen.storyboard */,
				D25470281DAE72D200C7DCB9 /* Info.plist */,
				D25470171DAE72D200C7DCB9 /* Supporting Files */,
			);
			path = dilibianma;
			sourceTree = "<group>";
		};
		D25470171DAE72D200C7DCB9 /* Supporting Files */ = {
			isa = PBXGroup;
			children = (
				D25470181DAE72D200C7DCB9 /* main.m */,
			);
			name = "Supporting Files";
			sourceTree = "<group>";
		};
		D25470301DAE72D200C7DCB9 /* dilibianmaTests */ = {
			isa = PBXGroup;
			children = (
				D25470311DAE72D200C7DCB9 /* dilibianmaTests.m */,
				D25470331DAE72D200C7DCB9 /* Info.plist */,
			);
			path = dilibianmaTests;
			sourceTree = "<group>";
		};
		D254703B1DAE72D200C7DCB9 /* dilibianmaUITests */ = {
			isa = PBXGroup;
			children = (
				D254703C1DAE72D200C7DCB9 /* dilibianmaUITests.m */,
				D254703E1DAE72D200C7DCB9 /* Info.plist */,
			);
			path = dilibianmaUITests;
			sourceTree = "<group>";
		};
		D254704A1DAE824200C7DCB9 /* Frameworks */ = {
			isa = PBXGroup;
			children = (
				D254704B1DAE824200C7DCB9 /* CoreLocation.framework */,
			);
			name = Frameworks;
			sourceTree = "<group>";
		};
/* End PBXGroup section */

/* Begin PBXNativeTarget section */
		D25470131DAE72D200C7DCB9 /* dilibianma */ = {
			isa = PBXNativeTarget;
			buildConfigurationList = D25470411DAE72D200C7DCB9 /* Build configuration list for PBXNativeTarget "dilibianma" */;
			buildPhases = (
				D25470101DAE72D200C7DCB9 /* Sources */,
				D25470111DAE72D200C7DCB9 /* Frameworks */,
				D25470121DAE72D200C7DCB9 /* Resources */,
			);
			buildRules = (
			);
			dependencies = (
			);
			name = dilibianma;
			productName = dilibianma;
			productReference = D25470141DAE72D200C7DCB9 /* dilibianma.app */;
			productType = "com.apple.product-type.application";
		};
		D254702C1DAE72D200C7DCB9 /* dilibianmaTests */ = {
			isa = PBXNativeTarget;
			buildConfigurationList = D25470441DAE72D200C7DCB9 /* Build configuration list for PBXNativeTarget "dilibianmaTests" */;
			buildPhases = (
				D25470291DAE72D200C7DCB9 /* Sources */,
				D254702A1DAE72D200C7DCB9 /* Frameworks */,
				D254702B1DAE72D200C7DCB9 /* Resources */,
			);
			buildRules = (
			);
			dependencies = (
				D254702F1DAE72D200C7DCB9 /* PBXTargetDependency */,
			);
			name = dilibianmaTests;
			productName = dilibianmaTests;
			productReference = D254702D1DAE72D200C7DCB9 /* dilibianmaTests.xctest */;
			productType = "com.apple.product-type.bundle.unit-test";
		};
		D25470371DAE72D200C7DCB9 /* dilibianmaUITests */ = {
			isa = PBXNativeTarget;
			buildConfigurationList = D25470471DAE72D200C7DCB9 /* Build configuration list for PBXNativeTarget "dilibianmaUITests" */;
			buildPhases = (
				D25470341DAE72D200C7DCB9 /* Sources */,
				D25470351DAE72D200C7DCB9 /* Frameworks */,
				D25470361DAE72D200C7DCB9 /* Resources */,
			);
			buildRules = (
			);
			dependencies = (
				D254703A1DAE72D200C7DCB9 /* PBXTargetDependency */,
			);
			name = dilibianmaUITests;
			productName = dilibianmaUITests;
			productReference = D25470381DAE72D200C7DCB9 /* dilibianmaUITests.xctest */;
			productType = "com.apple.product-type.bundle.ui-testing";
		};
/* End PBXNativeTarget section */

/* Begin PBXProject section */
		D254700C1DAE72D200C7DCB9 /* Project object */ = {
			isa = PBXProject;
			attributes = {
				LastUpgradeCheck = 0800;
				ORGANIZATIONNAME = Tesiro;
				TargetAttributes = {
					D25470131DAE72D200C7DCB9 = {
						CreatedOnToolsVersion = 8.0;
						DevelopmentTeam = DW7TB8NK56;
						ProvisioningStyle = Automatic;
						SystemCapabilities = {
							com.apple.BackgroundModes = {
								enabled = 1;
							};
						};
					};
					D254702C1DAE72D200C7DCB9 = {
						CreatedOnToolsVersion = 8.0;
						ProvisioningStyle = Automatic;
						TestTargetID = D25470131DAE72D200C7DCB9;
					};
					D25470371DAE72D200C7DCB9 = {
						CreatedOnToolsVersion = 8.0;
						ProvisioningStyle = Automatic;
						TestTargetID = D25470131DAE72D200C7DCB9;
					};
				};
			};
			buildConfigurationList = D254700F1DAE72D200C7DCB9 /* Build configuration list for PBXProject "dilibianma" */;
			compatibilityVersion = "Xcode 3.2";
			developmentRegion = English;
			hasScannedForEncodings = 0;
			knownRegions = (
				en,
				Base,
			);
			mainGroup = D254700B1DAE72D200C7DCB9;
			productRefGroup = D25470151DAE72D200C7DCB9 /* Products */;
			projectDirPath = "";
			projectRoot = "";
			targets = (
				D25470131DAE72D200C7DCB9 /* dilibianma */,
				D254702C1DAE72D200C7DCB9 /* dilibianmaTests */,
				D25470371DAE72D200C7DCB9 /* dilibianmaUITests */,
			);
		};
/* End PBXProject section */

/* Begin PBXResourcesBuildPhase section */
		D25470121DAE72D200C7DCB9 /* Resources */ = {
			isa = PBXResourcesBuildPhase;
			buildActionMask = 2147483647;
			files = (
				D25470271DAE72D200C7DCB9 /* LaunchScreen.storyboard in Resources */,
				D25470241DAE72D200C7DCB9 /* Assets.xcassets in Resources */,
				D25470221DAE72D200C7DCB9 /* Main.storyboard in Resources */,
			);
			runOnlyForDeploymentPostprocessing = 0;
		};
		D254702B1DAE72D200C7DCB9 /* Resources */ = {
			isa = PBXResourcesBuildPhase;
			buildActionMask = 2147483647;
			files = (
			);
			runOnlyForDeploymentPostprocessing = 0;
		};
		D25470361DAE72D200C7DCB9 /* Resources */ = {
			isa = PBXResourcesBuildPhase;
			buildActionMask = 2147483647;
			files = (
			);
			runOnlyForDeploymentPostprocessing = 0;
		};
/* End PBXResourcesBuildPhase section */

/* Begin PBXSourcesBuildPhase section */
		D25470101DAE72D200C7DCB9 /* Sources */ = {
			isa = PBXSourcesBuildPhase;
			buildActionMask = 2147483647;
			files = (
				D254701F1DAE72D200C7DCB9 /* ViewController.m in Sources */,
				D254701C1DAE72D200C7DCB9 /* AppDelegate.m in Sources */,
				D25470191DAE72D200C7DCB9 /* main.m in Sources */,
			);
			runOnlyForDeploymentPostprocessing = 0;
		};
		D25470291DAE72D200C7DCB9 /* Sources */ = {
			isa = PBXSourcesBuildPhase;
			buildActionMask = 2147483647;
			files = (
				D25470321DAE72D200C7DCB9 /* dilibianmaTests.m in Sources */,
			);
			runOnlyForDeploymentPostprocessing = 0;
		};
		D25470341DAE72D200C7DCB9 /* Sources */ = {
			isa = PBXSourcesBuildPhase;
			buildActionMask = 2147483647;
			files = (
				D254703D1DAE72D200C7DCB9 /* dilibianmaUITests.m in Sources */,
			);
			runOnlyForDeploymentPostprocessing = 0;
		};
/* End PBXSourcesBuildPhase section */

/* Begin PBXTargetDependency section */
		D254702F1DAE72D200C7DCB9 /* PBXTargetDependency */ = {
			isa = PBXTargetDependency;
			target = D25470131DAE72D200C7DCB9 /* dilibianma */;
			targetProxy = D254702E1DAE72D200C7DCB9 /* PBXContainerItemProxy */;
		};
		D254703A1DAE72D200C7DCB9 /* PBXTargetDependency */ = {
			isa = PBXTargetDependency;
			target = D25470131DAE72D200C7DCB9 /* dilibianma */;
			targetProxy = D25470391DAE72D200C7DCB9 /* PBXContainerItemProxy */;
		};
/* End PBXTargetDependency section */

/* Begin PBXVariantGroup section */
		D25470201DAE72D200C7DCB9 /* Main.storyboard */ = {
			isa = PBXVariantGroup;
			children = (
				D25470211DAE72D200C7DCB9 /* Base */,
			);
			name = Main.storyboard;
			sourceTree = "<group>";
		};
		D25470251DAE72D200C7DCB9 /* LaunchScreen.storyboard */ = {
			isa = PBXVariantGroup;
			children = (
				D25470261DAE72D200C7DCB9 /* Base */,
			);
			name = LaunchScreen.storyboard;
			sourceTree = "<group>";
		};
/* End PBXVariantGroup section */

/* Begin XCBuildConfiguration section */
		D254703F1DAE72D200C7DCB9 /* Debug */ = {
			isa = XCBuildConfiguration;
			buildSettings = {
				ALWAYS_SEARCH_USER_PATHS = NO;
				CLANG_ANALYZER_NONNULL = YES;
				CLANG_CXX_LANGUAGE_STANDARD = "gnu++0x";
				CLANG_CXX_LIBRARY = "libc++";
				CLANG_ENABLE_MODULES = YES;
				CLANG_ENABLE_OBJC_ARC = YES;
				CLANG_WARN_BOOL_CONVERSION = YES;
				CLANG_WARN_CONSTANT_CONVERSION = YES;
				CLANG_WARN_DIRECT_OBJC_ISA_USAGE = YES_ERROR;
				CLANG_WARN_DOCUMENTATION_COMMENTS = YES;
				CLANG_WARN_EMPTY_BODY = YES;
				CLANG_WARN_ENUM_CONVERSION = YES;
				CLANG_WARN_INFINITE_RECURSION = YES;
				CLANG_WARN_INT_CONVERSION = YES;
				CLANG_WARN_OBJC_ROOT_CLASS = YES_ERROR;
				CLANG_WARN_SUSPICIOUS_MOVES = YES;
				CLANG_WARN_UNREACHABLE_CODE = YES;
				CLANG_WARN__DUPLICATE_METHOD_MATCH = YES;
				"CODE_SIGN_IDENTITY[sdk=iphoneos*]" = "iPhone Developer";
				COPY_PHASE_STRIP = NO;
				DEBUG_INFORMATION_FORMAT = dwarf;
				ENABLE_STRICT_OBJC_MSGSEND = YES;
				ENABLE_TESTABILITY = YES;
				GCC_C_LANGUAGE_STANDARD = gnu99;
				GCC_DYNAMIC_NO_PIC = NO;
				GCC_NO_COMMON_BLOCKS = YES;
				GCC_OPTIMIZATION_LEVEL = 0;
				GCC_PREPROCESSOR_DEFINITIONS = (
					"DEBUG=1",
					"$(inherited)",
				);
				GCC_WARN_64_TO_32_BIT_CONVERSION = YES;
				GCC_WARN_ABOUT_RETURN_TYPE = YES_ERROR;
				GCC_WARN_UNDECLARED_SELECTOR = YES;
				GCC_WARN_UNINITIALIZED_AUTOS = YES_AGGRESSIVE;
				GCC_WARN_UNUSED_FUNCTION = YES;
				GCC_WARN_UNUSED_VARIABLE = YES;
				IPHONEOS_DEPLOYMENT_TARGET = 10.0;
				MTL_ENABLE_DEBUG_INFO = YES;
				ONLY_ACTIVE_ARCH = YES;
				SDKROOT = iphoneos;
				TARGETED_DEVICE_FAMILY = "1,2";
			};
			name = Debug;
		};
		D25470401DAE72D200C7DCB9 /* Release */ = {
			isa = XCBuildConfiguration;
			buildSettings = {
				ALWAYS_SEARCH_USER_PATHS = NO;
				CLANG_ANALYZER_NONNULL = YES;
				CLANG_CXX_LANGUAGE_STANDARD = "gnu++0x";
				CLANG_CXX_LIBRARY = "libc++";
				CLANG_ENABLE_MODULES = YES;
				CLANG_ENABLE_OBJC_ARC = YES;
				CLANG_WARN_BOOL_CONVERSION = YES;
				CLANG_WARN_CONSTANT_CONVERSION = YES;
				CLANG_WARN_DIRECT_OBJC_ISA_USAGE = YES_ERROR;
				CLANG_WARN_DOCUMENTATION_COMMENTS = YES;
				CLANG_WARN_EMPTY_BODY = YES;
				CLANG_WARN_ENUM_CONVERSION = YES;
				CLANG_WARN_INFINITE_RECURSION = YES;
				CLANG_WARN_INT_CONVERSION = YES;
				CLANG_WARN_OBJC_ROOT_CLASS = YES_ERROR;
				CLANG_WARN_SUSPICIOUS_MOVES = YES;
				CLANG_WARN_UNREACHABLE_CODE = YES;
				CLANG_WARN__DUPLICATE_METHOD_MATCH = YES;
				"CODE_SIGN_IDENTITY[sdk=iphoneos*]" = "iPhone Developer";
				COPY_PHASE_STRIP = NO;
				DEBUG_INFORMATION_FORMAT = "dwarf-with-dsym";
				ENABLE_NS_ASSERTIONS = NO;
				ENABLE_STRICT_OBJC_MSGSEND = YES;
				GCC_C_LANGUAGE_STANDARD = gnu99;
				GCC_NO_COMMON_BLOCKS = YES;
				GCC_WARN_64_TO_32_BIT_CONVERSION = YES;
				GCC_WARN_ABOUT_RETURN_TYPE = YES_ERROR;
				GCC_WARN_UNDECLARED_SELECTOR = YES;
				GCC_WARN_UNINITIALIZED_AUTOS = YES_AGGRESSIVE;
				GCC_WARN_UNUSED_FUNCTION = YES;
				GCC_WARN_UNUSED_VARIABLE = YES;
				IPHONEOS_DEPLOYMENT_TARGET = 10.0;
				MTL_ENABLE_DEBUG_INFO = NO;
				SDKROOT = iphoneos;
				TARGETED_DEVICE_FAMILY = "1,2";
				VALIDATE_PRODUCT = YES;
			};
			name = Release;
		};
		D25470421DAE72D200C7DCB9 /* Debug */ = {
			isa = XCBuildConfiguration;
			buildSettings = {
				ASSETCATALOG_COMPILER_APPICON_NAME = AppIcon;
				DEVELOPMENT_TEAM = DW7TB8NK56;
				INFOPLIST_FILE = dilibianma/Info.plist;
				LD_RUNPATH_SEARCH_PATHS = "$(inherited) @executable_path/Frameworks";
				PRODUCT_BUNDLE_IDENTIFIER = com.xieshi.dilibianma;
				PRODUCT_NAME = "$(TARGET_NAME)";
			};
			name = Debug;
		};
		D25470431DAE72D200C7DCB9 /* Release */ = {
			isa = XCBuildConfiguration;
			buildSettings = {
				ASSETCATALOG_COMPILER_APPICON_NAME = AppIcon;
				DEVELOPMENT_TEAM = DW7TB8NK56;
				INFOPLIST_FILE = dilibianma/Info.plist;
				LD_RUNPATH_SEARCH_PATHS = "$(inherited) @executable_path/Frameworks";
				PRODUCT_BUNDLE_IDENTIFIER = com.xieshi.dilibianma;
				PRODUCT_NAME = "$(TARGET_NAME)";
			};
			name = Release;
		};
		D25470451DAE72D200C7DCB9 /* Debug */ = {
			isa = XCBuildConfiguration;
			buildSettings = {
				BUNDLE_LOADER = "$(TEST_HOST)";
				INFOPLIST_FILE = dilibianmaTests/Info.plist;
				LD_RUNPATH_SEARCH_PATHS = "$(inherited) @executable_path/Frameworks @loader_path/Frameworks";
				PRODUCT_BUNDLE_IDENTIFIER = com.xieshi.dilibianmaTests;
				PRODUCT_NAME = "$(TARGET_NAME)";
				TEST_HOST = "$(BUILT_PRODUCTS_DIR)/dilibianma.app/dilibianma";
			};
			name = Debug;
		};
		D25470461DAE72D200C7DCB9 /* Release */ = {
			isa = XCBuildConfiguration;
			buildSettings = {
				BUNDLE_LOADER = "$(TEST_HOST)";
				INFOPLIST_FILE = dilibianmaTests/Info.plist;
				LD_RUNPATH_SEARCH_PATHS = "$(inherited) @executable_path/Frameworks @loader_path/Frameworks";
				PRODUCT_BUNDLE_IDENTIFIER = com.xieshi.dilibianmaTests;
				PRODUCT_NAME = "$(TARGET_NAME)";
				TEST_HOST = "$(BUILT_PRODUCTS_DIR)/dilibianma.app/dilibianma";
			};
			name = Release;
		};
		D25470481DAE72D200C7DCB9 /* Debug */ = {
			isa = XCBuildConfiguration;
			buildSettings = {
				INFOPLIST_FILE = dilibianmaUITests/Info.plist;
				LD_RUNPATH_SEARCH_PATHS = "$(inherited) @executable_path/Frameworks @loader_path/Frameworks";
				PRODUCT_BUNDLE_IDENTIFIER = com.xieshi.dilibianmaUITests;
				PRODUCT_NAME = "$(TARGET_NAME)";
				TEST_TARGET_NAME = dilibianma;
			};
			name = Debug;
		};
		D25470491DAE72D200C7DCB9 /* Release */ = {
			isa = XCBuildConfiguration;
			buildSettings = {
				INFOPLIST_FILE = dilibianmaUITests/Info.plist;
				LD_RUNPATH_SEARCH_PATHS = "$(inherited) @executable_path/Frameworks @loader_path/Frameworks";
				PRODUCT_BUNDLE_IDENTIFIER = com.xieshi.dilibianmaUITests;
				PRODUCT_NAME = "$(TARGET_NAME)";
				TEST_TARGET_NAME = dilibianma;
			};
			name = Release;
		};
/* End XCBuildConfiguration section */

/* Begin XCConfigurationList section */
		D254700F1DAE72D200C7DCB9 /* Build configuration list for PBXProject "dilibianma" */ = {
			isa = XCConfigurationList;
			buildConfigurations = (
				D254703F1DAE72D200C7DCB9 /* Debug */,
				D25470401DAE72D200C7DCB9 /* Release */,
			);
			defaultConfigurationIsVisible = 0;
			defaultConfigurationName = Release;
		};
		D25470411DAE72D200C7DCB9 /* Build configuration list for PBXNativeTarget "dilibianma" */ = {
			isa = XCConfigurationList;
			buildConfigurations = (
				D25470421DAE72D200C7DCB9 /* Debug */,
				D25470431DAE72D200C7DCB9 /* Release */,
			);
			defaultConfigurationIsVisible = 0;
		};
		D25470441DAE72D200C7DCB9 /* Build configuration list for PBXNativeTarget "dilibianmaTests" */ = {
			isa = XCConfigurationList;
			buildConfigurations = (
				D25470451DAE72D200C7DCB9 /* Debug */,
				D25470461DAE72D200C7DCB9 /* Release */,
			);
			defaultConfigurationIsVisible = 0;
		};
		D25470471DAE72D200C7DCB9 /* Build configuration list for PBXNativeTarget "dilibianmaUITests" */ = {
			isa = XCConfigurationList;
			buildConfigurations = (
				D25470481DAE72D200C7DCB9 /* Debug */,
				D25470491DAE72D200C7DCB9 /* Release */,
			);
			defaultConfigurationIsVisible = 0;
		};
/* End XCConfigurationList section */
	};
	rootObject = D254700C1DAE72D200C7DCB9 /* Project object */;
}
