// !$*UTF8*$!
{
	archiveVersion = 1;
	classes = {
	};
	objectVersion = 46;
	objects = {

/* Begin PBXBuildFile section */
		D22F8E511DB85BF0008A1152 /* main.m in Sources */ = {isa = PBXBuildFile; fileRef = D22F8E501DB85BF0008A1152 /* main.m */; };
		D22F8E541DB85BF0008A1152 /* AppDelegate.m in Sources */ = {isa = PBXBuildFile; fileRef = D22F8E531DB85BF0008A1152 /* AppDelegate.m */; };
		D22F8E571DB85BF0008A1152 /* ViewController.m in Sources */ = {isa = PBXBuildFile; fileRef = D22F8E561DB85BF0008A1152 /* ViewController.m */; };
		D22F8E5A1DB85BF0008A1152 /* Main.storyboard in Resources */ = {isa = PBXBuildFile; fileRef = D22F8E581DB85BF0008A1152 /* Main.storyboard */; };
		D22F8E5C1DB85BF0008A1152 /* Assets.xcassets in Resources */ = {isa = PBXBuildFile; fileRef = D22F8E5B1DB85BF0008A1152 /* Assets.xcassets */; };
		D22F8E5F1DB85BF0008A1152 /* LaunchScreen.storyboard in Resources */ = {isa = PBXBuildFile; fileRef = D22F8E5D1DB85BF0008A1152 /* LaunchScreen.storyboard */; };
		D22F8E6A1DB85BF0008A1152 /* AFnetworking__Tests.m in Sources */ = {isa = PBXBuildFile; fileRef = D22F8E691DB85BF0008A1152 /* AFnetworking__Tests.m */; };
		D22F8E751DB85BF0008A1152 /* AFnetworking__UITests.m in Sources */ = {isa = PBXBuildFile; fileRef = D22F8E741DB85BF0008A1152 /* AFnetworking__UITests.m */; };
		D22F8E901DB85FD2008A1152 /* AFHTTPSessionManager.m in Sources */ = {isa = PBXBuildFile; fileRef = D22F8E841DB85FD2008A1152 /* AFHTTPSessionManager.m */; };
		D22F8E911DB85FD2008A1152 /* AFNetworkReachabilityManager.m in Sources */ = {isa = PBXBuildFile; fileRef = D22F8E871DB85FD2008A1152 /* AFNetworkReachabilityManager.m */; };
		D22F8E921DB85FD2008A1152 /* AFSecurityPolicy.m in Sources */ = {isa = PBXBuildFile; fileRef = D22F8E891DB85FD2008A1152 /* AFSecurityPolicy.m */; };
		D22F8E931DB85FD2008A1152 /* AFURLRequestSerialization.m in Sources */ = {isa = PBXBuildFile; fileRef = D22F8E8B1DB85FD2008A1152 /* AFURLRequestSerialization.m */; };
		D22F8E941DB85FD2008A1152 /* AFURLResponseSerialization.m in Sources */ = {isa = PBXBuildFile; fileRef = D22F8E8D1DB85FD2008A1152 /* AFURLResponseSerialization.m */; };
		D22F8E951DB85FD2008A1152 /* AFURLSessionManager.m in Sources */ = {isa = PBXBuildFile; fileRef = D22F8E8F1DB85FD2008A1152 /* AFURLSessionManager.m */; };
		D22F8E981DB86131008A1152 /* NetWorkTools.m in Sources */ = {isa = PBXBuildFile; fileRef = D22F8E971DB86131008A1152 /* NetWorkTools.m */; };
/* End PBXBuildFile section */

/* Begin PBXContainerItemProxy section */
		D22F8E661DB85BF0008A1152 /* PBXContainerItemProxy */ = {
			isa = PBXContainerItemProxy;
			containerPortal = D22F8E441DB85BF0008A1152 /* Project object */;
			proxyType = 1;
			remoteGlobalIDString = D22F8E4B1DB85BF0008A1152;
			remoteInfo = "AFnetworking封装";
		};
		D22F8E711DB85BF0008A1152 /* PBXContainerItemProxy */ = {
			isa = PBXContainerItemProxy;
			containerPortal = D22F8E441DB85BF0008A1152 /* Project object */;
			proxyType = 1;
			remoteGlobalIDString = D22F8E4B1DB85BF0008A1152;
			remoteInfo = "AFnetworking封装";
		};
/* End PBXContainerItemProxy section */

/* Begin PBXFileReference section */
		D22F8E4C1DB85BF0008A1152 /* AFnetworking封装.app */ = {isa = PBXFileReference; explicitFileType = wrapper.application; includeInIndex = 0; path = "AFnetworking封装.app"; sourceTree = BUILT_PRODUCTS_DIR; };
		D22F8E501DB85BF0008A1152 /* main.m */ = {isa = PBXFileReference; lastKnownFileType = sourcecode.c.objc; path = main.m; sourceTree = "<group>"; };
		D22F8E521DB85BF0008A1152 /* AppDelegate.h */ = {isa = PBXFileReference; lastKnownFileType = sourcecode.c.h; path = AppDelegate.h; sourceTree = "<group>"; };
		D22F8E531DB85BF0008A1152 /* AppDelegate.m */ = {isa = PBXFileReference; lastKnownFileType = sourcecode.c.objc; path = AppDelegate.m; sourceTree = "<group>"; };
		D22F8E551DB85BF0008A1152 /* ViewController.h */ = {isa = PBXFileReference; lastKnownFileType = sourcecode.c.h; path = ViewController.h; sourceTree = "<group>"; };
		D22F8E561DB85BF0008A1152 /* ViewController.m */ = {isa = PBXFileReference; lastKnownFileType = sourcecode.c.objc; path = ViewController.m; sourceTree = "<group>"; };
		D22F8E591DB85BF0008A1152 /* Base */ = {isa = PBXFileReference; lastKnownFileType = file.storyboard; name = Base; path = Base.lproj/Main.storyboard; sourceTree = "<group>"; };
		D22F8E5B1DB85BF0008A1152 /* Assets.xcassets */ = {isa = PBXFileReference; lastKnownFileType = folder.assetcatalog; path = Assets.xcassets; sourceTree = "<group>"; };
		D22F8E5E1DB85BF0008A1152 /* Base */ = {isa = PBXFileReference; lastKnownFileType = file.storyboard; name = Base; path = Base.lproj/LaunchScreen.storyboard; sourceTree = "<group>"; };
		D22F8E601DB85BF0008A1152 /* Info.plist */ = {isa = PBXFileReference; lastKnownFileType = text.plist.xml; path = Info.plist; sourceTree = "<group>"; };
		D22F8E651DB85BF0008A1152 /* AFnetworking封装Tests.xctest */ = {isa = PBXFileReference; explicitFileType = wrapper.cfbundle; includeInIndex = 0; path = "AFnetworking封装Tests.xctest"; sourceTree = BUILT_PRODUCTS_DIR; };
		D22F8E691DB85BF0008A1152 /* AFnetworking__Tests.m */ = {isa = PBXFileReference; lastKnownFileType = sourcecode.c.objc; path = AFnetworking__Tests.m; sourceTree = "<group>"; };
		D22F8E6B1DB85BF0008A1152 /* Info.plist */ = {isa = PBXFileReference; lastKnownFileType = text.plist.xml; path = Info.plist; sourceTree = "<group>"; };
		D22F8E701DB85BF0008A1152 /* AFnetworking封装UITests.xctest */ = {isa = PBXFileReference; explicitFileType = wrapper.cfbundle; includeInIndex = 0; path = "AFnetworking封装UITests.xctest"; sourceTree = BUILT_PRODUCTS_DIR; };
		D22F8E741DB85BF0008A1152 /* AFnetworking__UITests.m */ = {isa = PBXFileReference; lastKnownFileType = sourcecode.c.objc; path = AFnetworking__UITests.m; sourceTree = "<group>"; };
		D22F8E761DB85BF0008A1152 /* Info.plist */ = {isa = PBXFileReference; lastKnownFileType = text.plist.xml; path = Info.plist; sourceTree = "<group>"; };
		D22F8E831DB85FD2008A1152 /* AFHTTPSessionManager.h */ = {isa = PBXFileReference; fileEncoding = 4; lastKnownFileType = sourcecode.c.h; path = AFHTTPSessionManager.h; sourceTree = "<group>"; };
		D22F8E841DB85FD2008A1152 /* AFHTTPSessionManager.m */ = {isa = PBXFileReference; fileEncoding = 4; lastKnownFileType = sourcecode.c.objc; path = AFHTTPSessionManager.m; sourceTree = "<group>"; };
		D22F8E851DB85FD2008A1152 /* AFNetworking.h */ = {isa = PBXFileReference; fileEncoding = 4; lastKnownFileType = sourcecode.c.h; path = AFNetworking.h; sourceTree = "<group>"; };
		D22F8E861DB85FD2008A1152 /* AFNetworkReachabilityManager.h */ = {isa = PBXFileReference; fileEncoding = 4; lastKnownFileType = sourcecode.c.h; path = AFNetworkReachabilityManager.h; sourceTree = "<group>"; };
		D22F8E871DB85FD2008A1152 /* AFNetworkReachabilityManager.m */ = {isa = PBXFileReference; fileEncoding = 4; lastKnownFileType = sourcecode.c.objc; path = AFNetworkReachabilityManager.m; sourceTree = "<group>"; };
		D22F8E881DB85FD2008A1152 /* AFSecurityPolicy.h */ = {isa = PBXFileReference; fileEncoding = 4; lastKnownFileType = sourcecode.c.h; path = AFSecurityPolicy.h; sourceTree = "<group>"; };
		D22F8E891DB85FD2008A1152 /* AFSecurityPolicy.m */ = {isa = PBXFileReference; fileEncoding = 4; lastKnownFileType = sourcecode.c.objc; path = AFSecurityPolicy.m; sourceTree = "<group>"; };
		D22F8E8A1DB85FD2008A1152 /* AFURLRequestSerialization.h */ = {isa = PBXFileReference; fileEncoding = 4; lastKnownFileType = sourcecode.c.h; path = AFURLRequestSerialization.h; sourceTree = "<group>"; };
		D22F8E8B1DB85FD2008A1152 /* AFURLRequestSerialization.m */ = {isa = PBXFileReference; fileEncoding = 4; lastKnownFileType = sourcecode.c.objc; path = AFURLRequestSerialization.m; sourceTree = "<group>"; };
		D22F8E8C1DB85FD2008A1152 /* AFURLResponseSerialization.h */ = {isa = PBXFileReference; fileEncoding = 4; lastKnownFileType = sourcecode.c.h; path = AFURLResponseSerialization.h; sourceTree = "<group>"; };
		D22F8E8D1DB85FD2008A1152 /* AFURLResponseSerialization.m */ = {isa = PBXFileReference; fileEncoding = 4; lastKnownFileType = sourcecode.c.objc; path = AFURLResponseSerialization.m; sourceTree = "<group>"; };
		D22F8E8E1DB85FD2008A1152 /* AFURLSessionManager.h */ = {isa = PBXFileReference; fileEncoding = 4; lastKnownFileType = sourcecode.c.h; path = AFURLSessionManager.h; sourceTree = "<group>"; };
		D22F8E8F1DB85FD2008A1152 /* AFURLSessionManager.m */ = {isa = PBXFileReference; fileEncoding = 4; lastKnownFileType = sourcecode.c.objc; path = AFURLSessionManager.m; sourceTree = "<group>"; };
		D22F8E961DB86131008A1152 /* NetWorkTools.h */ = {isa = PBXFileReference; fileEncoding = 4; lastKnownFileType = sourcecode.c.h; path = NetWorkTools.h; sourceTree = "<group>"; };
		D22F8E971DB86131008A1152 /* NetWorkTools.m */ = {isa = PBXFileReference; fileEncoding = 4; lastKnownFileType = sourcecode.c.objc; path = NetWorkTools.m; sourceTree = "<group>"; };
/* End PBXFileReference section */

/* Begin PBXFrameworksBuildPhase section */
		D22F8E491DB85BF0008A1152 /* Frameworks */ = {
			isa = PBXFrameworksBuildPhase;
			buildActionMask = 2147483647;
			files = (
			);
			runOnlyForDeploymentPostprocessing = 0;
		};
		D22F8E621DB85BF0008A1152 /* Frameworks */ = {
			isa = PBXFrameworksBuildPhase;
			buildActionMask = 2147483647;
			files = (
			);
			runOnlyForDeploymentPostprocessing = 0;
		};
		D22F8E6D1DB85BF0008A1152 /* Frameworks */ = {
			isa = PBXFrameworksBuildPhase;
			buildActionMask = 2147483647;
			files = (
			);
			runOnlyForDeploymentPostprocessing = 0;
		};
/* End PBXFrameworksBuildPhase section */

/* Begin PBXGroup section */
		D22F8E431DB85BF0008A1152 = {
			isa = PBXGroup;
			children = (
				D22F8E821DB85FD2008A1152 /* AFNetworking */,
				D22F8E4E1DB85BF0008A1152 /* AFnetworking封装 */,
				D22F8E681DB85BF0008A1152 /* AFnetworking封装Tests */,
				D22F8E731DB85BF0008A1152 /* AFnetworking封装UITests */,
				D22F8E4D1DB85BF0008A1152 /* Products */,
			);
			sourceTree = "<group>";
		};
		D22F8E4D1DB85BF0008A1152 /* Products */ = {
			isa = PBXGroup;
			children = (
				D22F8E4C1DB85BF0008A1152 /* AFnetworking封装.app */,
				D22F8E651DB85BF0008A1152 /* AFnetworking封装Tests.xctest */,
				D22F8E701DB85BF0008A1152 /* AFnetworking封装UITests.xctest */,
			);
			name = Products;
			sourceTree = "<group>";
		};
		D22F8E4E1DB85BF0008A1152 /* AFnetworking封装 */ = {
			isa = PBXGroup;
			children = (
				D22F8E521DB85BF0008A1152 /* AppDelegate.h */,
				D22F8E531DB85BF0008A1152 /* AppDelegate.m */,
				D22F8E551DB85BF0008A1152 /* ViewController.h */,
				D22F8E561DB85BF0008A1152 /* ViewController.m */,
				D22F8E581DB85BF0008A1152 /* Main.storyboard */,
				D22F8E961DB86131008A1152 /* NetWorkTools.h */,
				D22F8E971DB86131008A1152 /* NetWorkTools.m */,
				D22F8E5B1DB85BF0008A1152 /* Assets.xcassets */,
				D22F8E5D1DB85BF0008A1152 /* LaunchScreen.storyboard */,
				D22F8E601DB85BF0008A1152 /* Info.plist */,
				D22F8E4F1DB85BF0008A1152 /* Supporting Files */,
			);
			path = "AFnetworking封装";
			sourceTree = "<group>";
		};
		D22F8E4F1DB85BF0008A1152 /* Supporting Files */ = {
			isa = PBXGroup;
			children = (
				D22F8E501DB85BF0008A1152 /* main.m */,
			);
			name = "Supporting Files";
			sourceTree = "<group>";
		};
		D22F8E681DB85BF0008A1152 /* AFnetworking封装Tests */ = {
			isa = PBXGroup;
			children = (
				D22F8E691DB85BF0008A1152 /* AFnetworking__Tests.m */,
				D22F8E6B1DB85BF0008A1152 /* Info.plist */,
			);
			path = "AFnetworking封装Tests";
			sourceTree = "<group>";
		};
		D22F8E731DB85BF0008A1152 /* AFnetworking封装UITests */ = {
			isa = PBXGroup;
			children = (
				D22F8E741DB85BF0008A1152 /* AFnetworking__UITests.m */,
				D22F8E761DB85BF0008A1152 /* Info.plist */,
			);
			path = "AFnetworking封装UITests";
			sourceTree = "<group>";
		};
		D22F8E821DB85FD2008A1152 /* AFNetworking */ = {
			isa = PBXGroup;
			children = (
				D22F8E831DB85FD2008A1152 /* AFHTTPSessionManager.h */,
				D22F8E841DB85FD2008A1152 /* AFHTTPSessionManager.m */,
				D22F8E851DB85FD2008A1152 /* AFNetworking.h */,
				D22F8E861DB85FD2008A1152 /* AFNetworkReachabilityManager.h */,
				D22F8E871DB85FD2008A1152 /* AFNetworkReachabilityManager.m */,
				D22F8E881DB85FD2008A1152 /* AFSecurityPolicy.h */,
				D22F8E891DB85FD2008A1152 /* AFSecurityPolicy.m */,
				D22F8E8A1DB85FD2008A1152 /* AFURLRequestSerialization.h */,
				D22F8E8B1DB85FD2008A1152 /* AFURLRequestSerialization.m */,
				D22F8E8C1DB85FD2008A1152 /* AFURLResponseSerialization.h */,
				D22F8E8D1DB85FD2008A1152 /* AFURLResponseSerialization.m */,
				D22F8E8E1DB85FD2008A1152 /* AFURLSessionManager.h */,
				D22F8E8F1DB85FD2008A1152 /* AFURLSessionManager.m */,
			);
			path = AFNetworking;
			sourceTree = "<group>";
		};
/* End PBXGroup section */

/* Begin PBXNativeTarget section */
		D22F8E4B1DB85BF0008A1152 /* AFnetworking封装 */ = {
			isa = PBXNativeTarget;
			buildConfigurationList = D22F8E791DB85BF0008A1152 /* Build configuration list for PBXNativeTarget "AFnetworking封装" */;
			buildPhases = (
				D22F8E481DB85BF0008A1152 /* Sources */,
				D22F8E491DB85BF0008A1152 /* Frameworks */,
				D22F8E4A1DB85BF0008A1152 /* Resources */,
			);
			buildRules = (
			);
			dependencies = (
			);
			name = "AFnetworking封装";
			productName = "AFnetworking封装";
			productReference = D22F8E4C1DB85BF0008A1152 /* AFnetworking封装.app */;
			productType = "com.apple.product-type.application";
		};
		D22F8E641DB85BF0008A1152 /* AFnetworking封装Tests */ = {
			isa = PBXNativeTarget;
			buildConfigurationList = D22F8E7C1DB85BF0008A1152 /* Build configuration list for PBXNativeTarget "AFnetworking封装Tests" */;
			buildPhases = (
				D22F8E611DB85BF0008A1152 /* Sources */,
				D22F8E621DB85BF0008A1152 /* Frameworks */,
				D22F8E631DB85BF0008A1152 /* Resources */,
			);
			buildRules = (
			);
			dependencies = (
				D22F8E671DB85BF0008A1152 /* PBXTargetDependency */,
			);
			name = "AFnetworking封装Tests";
			productName = "AFnetworking封装Tests";
			productReference = D22F8E651DB85BF0008A1152 /* AFnetworking封装Tests.xctest */;
			productType = "com.apple.product-type.bundle.unit-test";
		};
		D22F8E6F1DB85BF0008A1152 /* AFnetworking封装UITests */ = {
			isa = PBXNativeTarget;
			buildConfigurationList = D22F8E7F1DB85BF0008A1152 /* Build configuration list for PBXNativeTarget "AFnetworking封装UITests" */;
			buildPhases = (
				D22F8E6C1DB85BF0008A1152 /* Sources */,
				D22F8E6D1DB85BF0008A1152 /* Frameworks */,
				D22F8E6E1DB85BF0008A1152 /* Resources */,
			);
			buildRules = (
			);
			dependencies = (
				D22F8E721DB85BF0008A1152 /* PBXTargetDependency */,
			);
			name = "AFnetworking封装UITests";
			productName = "AFnetworking封装UITests";
			productReference = D22F8E701DB85BF0008A1152 /* AFnetworking封装UITests.xctest */;
			productType = "com.apple.product-type.bundle.ui-testing";
		};
/* End PBXNativeTarget section */

/* Begin PBXProject section */
		D22F8E441DB85BF0008A1152 /* Project object */ = {
			isa = PBXProject;
			attributes = {
				LastUpgradeCheck = 0800;
				ORGANIZATIONNAME = Tesiro;
				TargetAttributes = {
					D22F8E4B1DB85BF0008A1152 = {
						CreatedOnToolsVersion = 8.0;
						ProvisioningStyle = Automatic;
					};
					D22F8E641DB85BF0008A1152 = {
						CreatedOnToolsVersion = 8.0;
						ProvisioningStyle = Automatic;
						TestTargetID = D22F8E4B1DB85BF0008A1152;
					};
					D22F8E6F1DB85BF0008A1152 = {
						CreatedOnToolsVersion = 8.0;
						ProvisioningStyle = Automatic;
						TestTargetID = D22F8E4B1DB85BF0008A1152;
					};
				};
			};
			buildConfigurationList = D22F8E471DB85BF0008A1152 /* Build configuration list for PBXProject "AFnetworking封装" */;
			compatibilityVersion = "Xcode 3.2";
			developmentRegion = English;
			hasScannedForEncodings = 0;
			knownRegions = (
				en,
				Base,
			);
			mainGroup = D22F8E431DB85BF0008A1152;
			productRefGroup = D22F8E4D1DB85BF0008A1152 /* Products */;
			projectDirPath = "";
			projectRoot = "";
			targets = (
				D22F8E4B1DB85BF0008A1152 /* AFnetworking封装 */,
				D22F8E641DB85BF0008A1152 /* AFnetworking封装Tests */,
				D22F8E6F1DB85BF0008A1152 /* AFnetworking封装UITests */,
			);
		};
/* End PBXProject section */

/* Begin PBXResourcesBuildPhase section */
		D22F8E4A1DB85BF0008A1152 /* Resources */ = {
			isa = PBXResourcesBuildPhase;
			buildActionMask = 2147483647;
			files = (
				D22F8E5F1DB85BF0008A1152 /* LaunchScreen.storyboard in Resources */,
				D22F8E5C1DB85BF0008A1152 /* Assets.xcassets in Resources */,
				D22F8E5A1DB85BF0008A1152 /* Main.storyboard in Resources */,
			);
			runOnlyForDeploymentPostprocessing = 0;
		};
		D22F8E631DB85BF0008A1152 /* Resources */ = {
			isa = PBXResourcesBuildPhase;
			buildActionMask = 2147483647;
			files = (
			);
			runOnlyForDeploymentPostprocessing = 0;
		};
		D22F8E6E1DB85BF0008A1152 /* Resources */ = {
			isa = PBXResourcesBuildPhase;
			buildActionMask = 2147483647;
			files = (
			);
			runOnlyForDeploymentPostprocessing = 0;
		};
/* End PBXResourcesBuildPhase section */

/* Begin PBXSourcesBuildPhase section */
		D22F8E481DB85BF0008A1152 /* Sources */ = {
			isa = PBXSourcesBuildPhase;
			buildActionMask = 2147483647;
			files = (
				D22F8E981DB86131008A1152 /* NetWorkTools.m in Sources */,
				D22F8E951DB85FD2008A1152 /* AFURLSessionManager.m in Sources */,
				D22F8E571DB85BF0008A1152 /* ViewController.m in Sources */,
				D22F8E541DB85BF0008A1152 /* AppDelegate.m in Sources */,
				D22F8E911DB85FD2008A1152 /* AFNetworkReachabilityManager.m in Sources */,
				D22F8E511DB85BF0008A1152 /* main.m in Sources */,
				D22F8E921DB85FD2008A1152 /* AFSecurityPolicy.m in Sources */,
				D22F8E931DB85FD2008A1152 /* AFURLRequestSerialization.m in Sources */,
				D22F8E941DB85FD2008A1152 /* AFURLResponseSerialization.m in Sources */,
				D22F8E901DB85FD2008A1152 /* AFHTTPSessionManager.m in Sources */,
			);
			runOnlyForDeploymentPostprocessing = 0;
		};
		D22F8E611DB85BF0008A1152 /* Sources */ = {
			isa = PBXSourcesBuildPhase;
			buildActionMask = 2147483647;
			files = (
				D22F8E6A1DB85BF0008A1152 /* AFnetworking__Tests.m in Sources */,
			);
			runOnlyForDeploymentPostprocessing = 0;
		};
		D22F8E6C1DB85BF0008A1152 /* Sources */ = {
			isa = PBXSourcesBuildPhase;
			buildActionMask = 2147483647;
			files = (
				D22F8E751DB85BF0008A1152 /* AFnetworking__UITests.m in Sources */,
			);
			runOnlyForDeploymentPostprocessing = 0;
		};
/* End PBXSourcesBuildPhase section */

/* Begin PBXTargetDependency section */
		D22F8E671DB85BF0008A1152 /* PBXTargetDependency */ = {
			isa = PBXTargetDependency;
			target = D22F8E4B1DB85BF0008A1152 /* AFnetworking封装 */;
			targetProxy = D22F8E661DB85BF0008A1152 /* PBXContainerItemProxy */;
		};
		D22F8E721DB85BF0008A1152 /* PBXTargetDependency */ = {
			isa = PBXTargetDependency;
			target = D22F8E4B1DB85BF0008A1152 /* AFnetworking封装 */;
			targetProxy = D22F8E711DB85BF0008A1152 /* PBXContainerItemProxy */;
		};
/* End PBXTargetDependency section */

/* Begin PBXVariantGroup section */
		D22F8E581DB85BF0008A1152 /* Main.storyboard */ = {
			isa = PBXVariantGroup;
			children = (
				D22F8E591DB85BF0008A1152 /* Base */,
			);
			name = Main.storyboard;
			sourceTree = "<group>";
		};
		D22F8E5D1DB85BF0008A1152 /* LaunchScreen.storyboard */ = {
			isa = PBXVariantGroup;
			children = (
				D22F8E5E1DB85BF0008A1152 /* Base */,
			);
			name = LaunchScreen.storyboard;
			sourceTree = "<group>";
		};
/* End PBXVariantGroup section */

/* Begin XCBuildConfiguration section */
		D22F8E771DB85BF0008A1152 /* Debug */ = {
			isa = XCBuildConfiguration;
			buildSettings = {
				ALWAYS_SEARCH_USER_PATHS = NO;
				CLANG_ANALYZER_NONNULL = YES;
				CLANG_CXX_LANGUAGE_STANDARD = "gnu++0x";
				CLANG_CXX_LIBRARY = "libc++";
				CLANG_ENABLE_MODULES = YES;
				CLANG_ENABLE_OBJC_ARC = YES;
				CLANG_WARN_BOOL_CONVERSION = YES;
				CLANG_WARN_CONSTANT_CONVERSION = YES;
				CLANG_WARN_DIRECT_OBJC_ISA_USAGE = YES_ERROR;
				CLANG_WARN_DOCUMENTATION_COMMENTS = YES;
				CLANG_WARN_EMPTY_BODY = YES;
				CLANG_WARN_ENUM_CONVERSION = YES;
				CLANG_WARN_INFINITE_RECURSION = YES;
				CLANG_WARN_INT_CONVERSION = YES;
				CLANG_WARN_OBJC_ROOT_CLASS = YES_ERROR;
				CLANG_WARN_SUSPICIOUS_MOVES = YES;
				CLANG_WARN_UNREACHABLE_CODE = YES;
				CLANG_WARN__DUPLICATE_METHOD_MATCH = YES;
				"CODE_SIGN_IDENTITY[sdk=iphoneos*]" = "iPhone Developer";
				COPY_PHASE_STRIP = NO;
				DEBUG_INFORMATION_FORMAT = dwarf;
				ENABLE_STRICT_OBJC_MSGSEND = YES;
				ENABLE_TESTABILITY = YES;
				GCC_C_LANGUAGE_STANDARD = gnu99;
				GCC_DYNAMIC_NO_PIC = NO;
				GCC_NO_COMMON_BLOCKS = YES;
				GCC_OPTIMIZATION_LEVEL = 0;
				GCC_PREPROCESSOR_DEFINITIONS = (
					"DEBUG=1",
					"$(inherited)",
				);
				GCC_WARN_64_TO_32_BIT_CONVERSION = YES;
				GCC_WARN_ABOUT_RETURN_TYPE = YES_ERROR;
				GCC_WARN_UNDECLARED_SELECTOR = YES;
				GCC_WARN_UNINITIALIZED_AUTOS = YES_AGGRESSIVE;
				GCC_WARN_UNUSED_FUNCTION = YES;
				GCC_WARN_UNUSED_VARIABLE = YES;
				IPHONEOS_DEPLOYMENT_TARGET = 10.0;
				MTL_ENABLE_DEBUG_INFO = YES;
				ONLY_ACTIVE_ARCH = YES;
				SDKROOT = iphoneos;
				TARGETED_DEVICE_FAMILY = "1,2";
			};
			name = Debug;
		};
		D22F8E781DB85BF0008A1152 /* Release */ = {
			isa = XCBuildConfiguration;
			buildSettings = {
				ALWAYS_SEARCH_USER_PATHS = NO;
				CLANG_ANALYZER_NONNULL = YES;
				CLANG_CXX_LANGUAGE_STANDARD = "gnu++0x";
				CLANG_CXX_LIBRARY = "libc++";
				CLANG_ENABLE_MODULES = YES;
				CLANG_ENABLE_OBJC_ARC = YES;
				CLANG_WARN_BOOL_CONVERSION = YES;
				CLANG_WARN_CONSTANT_CONVERSION = YES;
				CLANG_WARN_DIRECT_OBJC_ISA_USAGE = YES_ERROR;
				CLANG_WARN_DOCUMENTATION_COMMENTS = YES;
				CLANG_WARN_EMPTY_BODY = YES;
				CLANG_WARN_ENUM_CONVERSION = YES;
				CLANG_WARN_INFINITE_RECURSION = YES;
				CLANG_WARN_INT_CONVERSION = YES;
				CLANG_WARN_OBJC_ROOT_CLASS = YES_ERROR;
				CLANG_WARN_SUSPICIOUS_MOVES = YES;
				CLANG_WARN_UNREACHABLE_CODE = YES;
				CLANG_WARN__DUPLICATE_METHOD_MATCH = YES;
				"CODE_SIGN_IDENTITY[sdk=iphoneos*]" = "iPhone Developer";
				COPY_PHASE_STRIP = NO;
				DEBUG_INFORMATION_FORMAT = "dwarf-with-dsym";
				ENABLE_NS_ASSERTIONS = NO;
				ENABLE_STRICT_OBJC_MSGSEND = YES;
				GCC_C_LANGUAGE_STANDARD = gnu99;
				GCC_NO_COMMON_BLOCKS = YES;
				GCC_WARN_64_TO_32_BIT_CONVERSION = YES;
				GCC_WARN_ABOUT_RETURN_TYPE = YES_ERROR;
				GCC_WARN_UNDECLARED_SELECTOR = YES;
				GCC_WARN_UNINITIALIZED_AUTOS = YES_AGGRESSIVE;
				GCC_WARN_UNUSED_FUNCTION = YES;
				GCC_WARN_UNUSED_VARIABLE = YES;
				IPHONEOS_DEPLOYMENT_TARGET = 10.0;
				MTL_ENABLE_DEBUG_INFO = NO;
				SDKROOT = iphoneos;
				TARGETED_DEVICE_FAMILY = "1,2";
				VALIDATE_PRODUCT = YES;
			};
			name = Release;
		};
		D22F8E7A1DB85BF0008A1152 /* Debug */ = {
			isa = XCBuildConfiguration;
			buildSettings = {
				ASSETCATALOG_COMPILER_APPICON_NAME = AppIcon;
				INFOPLIST_FILE = "AFnetworking封装/Info.plist";
				LD_RUNPATH_SEARCH_PATHS = "$(inherited) @executable_path/Frameworks";
				PRODUCT_BUNDLE_IDENTIFIER = "com.xieshi.AFnetworking--";
				PRODUCT_NAME = "$(TARGET_NAME)";
			};
			name = Debug;
		};
		D22F8E7B1DB85BF0008A1152 /* Release */ = {
			isa = XCBuildConfiguration;
			buildSettings = {
				ASSETCATALOG_COMPILER_APPICON_NAME = AppIcon;
				INFOPLIST_FILE = "AFnetworking封装/Info.plist";
				LD_RUNPATH_SEARCH_PATHS = "$(inherited) @executable_path/Frameworks";
				PRODUCT_BUNDLE_IDENTIFIER = "com.xieshi.AFnetworking--";
				PRODUCT_NAME = "$(TARGET_NAME)";
			};
			name = Release;
		};
		D22F8E7D1DB85BF0008A1152 /* Debug */ = {
			isa = XCBuildConfiguration;
			buildSettings = {
				BUNDLE_LOADER = "$(TEST_HOST)";
				INFOPLIST_FILE = "AFnetworking封装Tests/Info.plist";
				LD_RUNPATH_SEARCH_PATHS = "$(inherited) @executable_path/Frameworks @loader_path/Frameworks";
				PRODUCT_BUNDLE_IDENTIFIER = "com.xieshi.AFnetworking--Tests";
				PRODUCT_NAME = "$(TARGET_NAME)";
				TEST_HOST = "$(BUILT_PRODUCTS_DIR)/AFnetworking封装.app/AFnetworking封装";
			};
			name = Debug;
		};
		D22F8E7E1DB85BF0008A1152 /* Release */ = {
			isa = XCBuildConfiguration;
			buildSettings = {
				BUNDLE_LOADER = "$(TEST_HOST)";
				INFOPLIST_FILE = "AFnetworking封装Tests/Info.plist";
				LD_RUNPATH_SEARCH_PATHS = "$(inherited) @executable_path/Frameworks @loader_path/Frameworks";
				PRODUCT_BUNDLE_IDENTIFIER = "com.xieshi.AFnetworking--Tests";
				PRODUCT_NAME = "$(TARGET_NAME)";
				TEST_HOST = "$(BUILT_PRODUCTS_DIR)/AFnetworking封装.app/AFnetworking封装";
			};
			name = Release;
		};
		D22F8E801DB85BF0008A1152 /* Debug */ = {
			isa = XCBuildConfiguration;
			buildSettings = {
				INFOPLIST_FILE = "AFnetworking封装UITests/Info.plist";
				LD_RUNPATH_SEARCH_PATHS = "$(inherited) @executable_path/Frameworks @loader_path/Frameworks";
				PRODUCT_BUNDLE_IDENTIFIER = "com.xieshi.AFnetworking--UITests";
				PRODUCT_NAME = "$(TARGET_NAME)";
				TEST_TARGET_NAME = "AFnetworking封装";
			};
			name = Debug;
		};
		D22F8E811DB85BF0008A1152 /* Release */ = {
			isa = XCBuildConfiguration;
			buildSettings = {
				INFOPLIST_FILE = "AFnetworking封装UITests/Info.plist";
				LD_RUNPATH_SEARCH_PATHS = "$(inherited) @executable_path/Frameworks @loader_path/Frameworks";
				PRODUCT_BUNDLE_IDENTIFIER = "com.xieshi.AFnetworking--UITests";
				PRODUCT_NAME = "$(TARGET_NAME)";
				TEST_TARGET_NAME = "AFnetworking封装";
			};
			name = Release;
		};
/* End XCBuildConfiguration section */

/* Begin XCConfigurationList section */
		D22F8E471DB85BF0008A1152 /* Build configuration list for PBXProject "AFnetworking封装" */ = {
			isa = XCConfigurationList;
			buildConfigurations = (
				D22F8E771DB85BF0008A1152 /* Debug */,
				D22F8E781DB85BF0008A1152 /* Release */,
			);
			defaultConfigurationIsVisible = 0;
			defaultConfigurationName = Release;
		};
		D22F8E791DB85BF0008A1152 /* Build configuration list for PBXNativeTarget "AFnetworking封装" */ = {
			isa = XCConfigurationList;
			buildConfigurations = (
				D22F8E7A1DB85BF0008A1152 /* Debug */,
				D22F8E7B1DB85BF0008A1152 /* Release */,
			);
			defaultConfigurationIsVisible = 0;
		};
		D22F8E7C1DB85BF0008A1152 /* Build configuration list for PBXNativeTarget "AFnetworking封装Tests" */ = {
			isa = XCConfigurationList;
			buildConfigurations = (
				D22F8E7D1DB85BF0008A1152 /* Debug */,
				D22F8E7E1DB85BF0008A1152 /* Release */,
			);
			defaultConfigurationIsVisible = 0;
		};
		D22F8E7F1DB85BF0008A1152 /* Build configuration list for PBXNativeTarget "AFnetworking封装UITests" */ = {
			isa = XCConfigurationList;
			buildConfigurations = (
				D22F8E801DB85BF0008A1152 /* Debug */,
				D22F8E811DB85BF0008A1152 /* Release */,
			);
			defaultConfigurationIsVisible = 0;
		};
/* End XCConfigurationList section */
	};
	rootObject = D22F8E441DB85BF0008A1152 /* Project object */;
}
