// !$*UTF8*$!
{
	archiveVersion = 1;
	classes = {
	};
	objectVersion = 46;
	objects = {

/* Begin PBXBuildFile section */
		D20A91F51DB9E8D9006EF294 /* main.m in Sources */ = {isa = PBXBuildFile; fileRef = D20A91F41DB9E8D9006EF294 /* main.m */; };
		D20A91F81DB9E8D9006EF294 /* AppDelegate.m in Sources */ = {isa = PBXBuildFile; fileRef = D20A91F71DB9E8D9006EF294 /* AppDelegate.m */; };
		D20A91FB1DB9E8D9006EF294 /* ViewController.m in Sources */ = {isa = PBXBuildFile; fileRef = D20A91FA1DB9E8D9006EF294 /* ViewController.m */; };
		D20A91FE1DB9E8D9006EF294 /* Main.storyboard in Resources */ = {isa = PBXBuildFile; fileRef = D20A91FC1DB9E8D9006EF294 /* Main.storyboard */; };
		D20A92001DB9E8D9006EF294 /* Assets.xcassets in Resources */ = {isa = PBXBuildFile; fileRef = D20A91FF1DB9E8D9006EF294 /* Assets.xcassets */; };
		D20A92031DB9E8D9006EF294 /* LaunchScreen.storyboard in Resources */ = {isa = PBXBuildFile; fileRef = D20A92011DB9E8D9006EF294 /* LaunchScreen.storyboard */; };
		D20A920E1DB9E8DA006EF294 /* af__asiTests.m in Sources */ = {isa = PBXBuildFile; fileRef = D20A920D1DB9E8DA006EF294 /* af__asiTests.m */; };
		D20A92351DB9EAF5006EF294 /* AFHTTPSessionManager.m in Sources */ = {isa = PBXBuildFile; fileRef = D20A92291DB9EAF5006EF294 /* AFHTTPSessionManager.m */; };
		D20A92361DB9EAF5006EF294 /* AFNetworkReachabilityManager.m in Sources */ = {isa = PBXBuildFile; fileRef = D20A922C1DB9EAF5006EF294 /* AFNetworkReachabilityManager.m */; };
		D20A92371DB9EAF5006EF294 /* AFSecurityPolicy.m in Sources */ = {isa = PBXBuildFile; fileRef = D20A922E1DB9EAF5006EF294 /* AFSecurityPolicy.m */; };
		D20A92381DB9EAF5006EF294 /* AFURLRequestSerialization.m in Sources */ = {isa = PBXBuildFile; fileRef = D20A92301DB9EAF5006EF294 /* AFURLRequestSerialization.m */; };
		D20A92391DB9EAF5006EF294 /* AFURLResponseSerialization.m in Sources */ = {isa = PBXBuildFile; fileRef = D20A92321DB9EAF5006EF294 /* AFURLResponseSerialization.m */; };
		D20A923A1DB9EAF5006EF294 /* AFURLSessionManager.m in Sources */ = {isa = PBXBuildFile; fileRef = D20A92341DB9EAF5006EF294 /* AFURLSessionManager.m */; };
		D20A923D1DB9EB95006EF294 /* LSPageController.m in Sources */ = {isa = PBXBuildFile; fileRef = D20A923C1DB9EB95006EF294 /* LSPageController.m */; };
		D20A92411DB9ECB1006EF294 /* AFNetConnection.m in Sources */ = {isa = PBXBuildFile; fileRef = D20A92401DB9ECB1006EF294 /* AFNetConnection.m */; };
		D20A92441DB9F29F006EF294 /* AFNet.m in Sources */ = {isa = PBXBuildFile; fileRef = D20A92431DB9F29F006EF294 /* AFNet.m */; };
		D20A92561DB9FA3D006EF294 /* NSObject+SBJSON.m in Sources */ = {isa = PBXBuildFile; fileRef = D20A924B1DB9FA3D006EF294 /* NSObject+SBJSON.m */; settings = {COMPILER_FLAGS = "-fno-objc-arc"; }; };
		D20A92571DB9FA3D006EF294 /* NSString+SBJSON.m in Sources */ = {isa = PBXBuildFile; fileRef = D20A924D1DB9FA3D006EF294 /* NSString+SBJSON.m */; settings = {COMPILER_FLAGS = "-fno-objc-arc"; }; };
		D20A92581DB9FA3D006EF294 /* SBJSON.m in Sources */ = {isa = PBXBuildFile; fileRef = D20A924F1DB9FA3D006EF294 /* SBJSON.m */; settings = {COMPILER_FLAGS = "-fno-objc-arc"; }; };
		D20A92591DB9FA3D006EF294 /* SBJsonBase.m in Sources */ = {isa = PBXBuildFile; fileRef = D20A92511DB9FA3D006EF294 /* SBJsonBase.m */; settings = {COMPILER_FLAGS = "-fno-objc-arc"; }; };
		D20A925A1DB9FA3D006EF294 /* SBJsonParser.m in Sources */ = {isa = PBXBuildFile; fileRef = D20A92531DB9FA3D006EF294 /* SBJsonParser.m */; settings = {COMPILER_FLAGS = "-fno-objc-arc"; }; };
		D20A925B1DB9FA3D006EF294 /* SBJsonWriter.m in Sources */ = {isa = PBXBuildFile; fileRef = D20A92551DB9FA3D006EF294 /* SBJsonWriter.m */; settings = {COMPILER_FLAGS = "-fno-objc-arc"; }; };
		D20A925E1DB9FB86006EF294 /* AFNetConnection+Cache.m in Sources */ = {isa = PBXBuildFile; fileRef = D20A925D1DB9FB86006EF294 /* AFNetConnection+Cache.m */; };
		D20A92611DB9FBFA006EF294 /* SOAPConnection.m in Sources */ = {isa = PBXBuildFile; fileRef = D20A92601DB9FBFA006EF294 /* SOAPConnection.m */; };
		D20A926A1DBA0117006EF294 /* RegexKitLite.m in Sources */ = {isa = PBXBuildFile; fileRef = D20A92691DBA0117006EF294 /* RegexKitLite.m */; settings = {COMPILER_FLAGS = "-fno-objc-arc"; }; };
		D20A926D1DBA05C8006EF294 /* libicucore.tbd in Frameworks */ = {isa = PBXBuildFile; fileRef = D20A926C1DBA05C8006EF294 /* libicucore.tbd */; };
		D20A92701DBA0751006EF294 /* CommonAFNet.m in Sources */ = {isa = PBXBuildFile; fileRef = D20A926F1DBA0751006EF294 /* CommonAFNet.m */; };
		D20A92771DBC5790006EF294 /* LSCacheManager.m in Sources */ = {isa = PBXBuildFile; fileRef = D20A92741DBC5790006EF294 /* LSCacheManager.m */; settings = {COMPILER_FLAGS = "-fno-objc-arc"; }; };
		D20A92781DBC5790006EF294 /* LSCommonCrypto.m in Sources */ = {isa = PBXBuildFile; fileRef = D20A92761DBC5790006EF294 /* LSCommonCrypto.m */; };
		D20A927E1DBC6080006EF294 /* AFNetConnection+synthesisGetUrl.m in Sources */ = {isa = PBXBuildFile; fileRef = D20A927D1DBC6080006EF294 /* AFNetConnection+synthesisGetUrl.m */; settings = {COMPILER_FLAGS = "-fno-objc-arc"; }; };
		D20A92811DBC6451006EF294 /* TSAFNet.m in Sources */ = {isa = PBXBuildFile; fileRef = D20A92801DBC6451006EF294 /* TSAFNet.m */; };
		D20A92841DBC666F006EF294 /* SMAFNet.m in Sources */ = {isa = PBXBuildFile; fileRef = D20A92831DBC666F006EF294 /* SMAFNet.m */; };
		D20A92871DBC6762006EF294 /* RPAFNet.m in Sources */ = {isa = PBXBuildFile; fileRef = D20A92861DBC6762006EF294 /* RPAFNet.m */; };
		D20A928D1DBC688F006EF294 /* USTAFNet.m in Sources */ = {isa = PBXBuildFile; fileRef = D20A928C1DBC688F006EF294 /* USTAFNet.m */; };
		D20A92961DBC7F15006EF294 /* SVIndefiniteAnimatedView.m in Sources */ = {isa = PBXBuildFile; fileRef = D20A92901DBC7F15006EF294 /* SVIndefiniteAnimatedView.m */; };
		D20A92971DBC7F15006EF294 /* SVProgressHUD+LSTemplate.m in Sources */ = {isa = PBXBuildFile; fileRef = D20A92921DBC7F15006EF294 /* SVProgressHUD+LSTemplate.m */; };
		D20A92981DBC7F15006EF294 /* SVProgressHUD.bundle in Resources */ = {isa = PBXBuildFile; fileRef = D20A92931DBC7F15006EF294 /* SVProgressHUD.bundle */; };
		D20A92991DBC7F15006EF294 /* SVProgressHUD.m in Sources */ = {isa = PBXBuildFile; fileRef = D20A92951DBC7F15006EF294 /* SVProgressHUD.m */; };
		D20A929E1DBC8228006EF294 /* UIScrollView+MJRefresh.m in Sources */ = {isa = PBXBuildFile; fileRef = D20A929C1DBC8228006EF294 /* UIScrollView+MJRefresh.m */; };
/* End PBXBuildFile section */

/* Begin PBXContainerItemProxy section */
		D20A920A1DB9E8DA006EF294 /* PBXContainerItemProxy */ = {
			isa = PBXContainerItemProxy;
			containerPortal = D20A91E81DB9E8D9006EF294 /* Project object */;
			proxyType = 1;
			remoteGlobalIDString = D20A91EF1DB9E8D9006EF294;
			remoteInfo = "af替换asi";
		};
		D20A92151DB9E8DA006EF294 /* PBXContainerItemProxy */ = {
			isa = PBXContainerItemProxy;
			containerPortal = D20A91E81DB9E8D9006EF294 /* Project object */;
			proxyType = 1;
			remoteGlobalIDString = D20A91EF1DB9E8D9006EF294;
			remoteInfo = "af替换asi";
		};
/* End PBXContainerItemProxy section */

/* Begin PBXFileReference section */
		D20A91F01DB9E8D9006EF294 /* af替换asi.app */ = {isa = PBXFileReference; explicitFileType = wrapper.application; includeInIndex = 0; path = "af替换asi.app"; sourceTree = BUILT_PRODUCTS_DIR; };
		D20A91F41DB9E8D9006EF294 /* main.m */ = {isa = PBXFileReference; lastKnownFileType = sourcecode.c.objc; path = main.m; sourceTree = "<group>"; };
		D20A91F61DB9E8D9006EF294 /* AppDelegate.h */ = {isa = PBXFileReference; lastKnownFileType = sourcecode.c.h; path = AppDelegate.h; sourceTree = "<group>"; };
		D20A91F71DB9E8D9006EF294 /* AppDelegate.m */ = {isa = PBXFileReference; lastKnownFileType = sourcecode.c.objc; path = AppDelegate.m; sourceTree = "<group>"; };
		D20A91F91DB9E8D9006EF294 /* ViewController.h */ = {isa = PBXFileReference; lastKnownFileType = sourcecode.c.h; path = ViewController.h; sourceTree = "<group>"; };
		D20A91FA1DB9E8D9006EF294 /* ViewController.m */ = {isa = PBXFileReference; lastKnownFileType = sourcecode.c.objc; path = ViewController.m; sourceTree = "<group>"; };
		D20A91FD1DB9E8D9006EF294 /* Base */ = {isa = PBXFileReference; lastKnownFileType = file.storyboard; name = Base; path = Base.lproj/Main.storyboard; sourceTree = "<group>"; };
		D20A91FF1DB9E8D9006EF294 /* Assets.xcassets */ = {isa = PBXFileReference; lastKnownFileType = folder.assetcatalog; path = Assets.xcassets; sourceTree = "<group>"; };
		D20A92021DB9E8D9006EF294 /* Base */ = {isa = PBXFileReference; lastKnownFileType = file.storyboard; name = Base; path = Base.lproj/LaunchScreen.storyboard; sourceTree = "<group>"; };
		D20A92041DB9E8D9006EF294 /* Info.plist */ = {isa = PBXFileReference; lastKnownFileType = text.plist.xml; path = Info.plist; sourceTree = "<group>"; };
		D20A92091DB9E8DA006EF294 /* af替换asiTests.xctest */ = {isa = PBXFileReference; explicitFileType = wrapper.cfbundle; includeInIndex = 0; path = "af替换asiTests.xctest"; sourceTree = BUILT_PRODUCTS_DIR; };
		D20A920D1DB9E8DA006EF294 /* af__asiTests.m */ = {isa = PBXFileReference; lastKnownFileType = sourcecode.c.objc; path = af__asiTests.m; sourceTree = "<group>"; };
		D20A920F1DB9E8DA006EF294 /* Info.plist */ = {isa = PBXFileReference; lastKnownFileType = text.plist.xml; path = Info.plist; sourceTree = "<group>"; };
		D20A92141DB9E8DA006EF294 /* af替换asiUITests.xctest */ = {isa = PBXFileReference; explicitFileType = wrapper.cfbundle; includeInIndex = 0; path = "af替换asiUITests.xctest"; sourceTree = BUILT_PRODUCTS_DIR; };
		D20A92281DB9EAF5006EF294 /* AFHTTPSessionManager.h */ = {isa = PBXFileReference; fileEncoding = 4; lastKnownFileType = sourcecode.c.h; path = AFHTTPSessionManager.h; sourceTree = "<group>"; };
		D20A92291DB9EAF5006EF294 /* AFHTTPSessionManager.m */ = {isa = PBXFileReference; fileEncoding = 4; lastKnownFileType = sourcecode.c.objc; path = AFHTTPSessionManager.m; sourceTree = "<group>"; };
		D20A922A1DB9EAF5006EF294 /* AFNetworking.h */ = {isa = PBXFileReference; fileEncoding = 4; lastKnownFileType = sourcecode.c.h; path = AFNetworking.h; sourceTree = "<group>"; };
		D20A922B1DB9EAF5006EF294 /* AFNetworkReachabilityManager.h */ = {isa = PBXFileReference; fileEncoding = 4; lastKnownFileType = sourcecode.c.h; path = AFNetworkReachabilityManager.h; sourceTree = "<group>"; };
		D20A922C1DB9EAF5006EF294 /* AFNetworkReachabilityManager.m */ = {isa = PBXFileReference; fileEncoding = 4; lastKnownFileType = sourcecode.c.objc; path = AFNetworkReachabilityManager.m; sourceTree = "<group>"; };
		D20A922D1DB9EAF5006EF294 /* AFSecurityPolicy.h */ = {isa = PBXFileReference; fileEncoding = 4; lastKnownFileType = sourcecode.c.h; path = AFSecurityPolicy.h; sourceTree = "<group>"; };
		D20A922E1DB9EAF5006EF294 /* AFSecurityPolicy.m */ = {isa = PBXFileReference; fileEncoding = 4; lastKnownFileType = sourcecode.c.objc; path = AFSecurityPolicy.m; sourceTree = "<group>"; };
		D20A922F1DB9EAF5006EF294 /* AFURLRequestSerialization.h */ = {isa = PBXFileReference; fileEncoding = 4; lastKnownFileType = sourcecode.c.h; path = AFURLRequestSerialization.h; sourceTree = "<group>"; };
		D20A92301DB9EAF5006EF294 /* AFURLRequestSerialization.m */ = {isa = PBXFileReference; fileEncoding = 4; lastKnownFileType = sourcecode.c.objc; path = AFURLRequestSerialization.m; sourceTree = "<group>"; };
		D20A92311DB9EAF5006EF294 /* AFURLResponseSerialization.h */ = {isa = PBXFileReference; fileEncoding = 4; lastKnownFileType = sourcecode.c.h; path = AFURLResponseSerialization.h; sourceTree = "<group>"; };
		D20A92321DB9EAF5006EF294 /* AFURLResponseSerialization.m */ = {isa = PBXFileReference; fileEncoding = 4; lastKnownFileType = sourcecode.c.objc; path = AFURLResponseSerialization.m; sourceTree = "<group>"; };
		D20A92331DB9EAF5006EF294 /* AFURLSessionManager.h */ = {isa = PBXFileReference; fileEncoding = 4; lastKnownFileType = sourcecode.c.h; path = AFURLSessionManager.h; sourceTree = "<group>"; };
		D20A92341DB9EAF5006EF294 /* AFURLSessionManager.m */ = {isa = PBXFileReference; fileEncoding = 4; lastKnownFileType = sourcecode.c.objc; path = AFURLSessionManager.m; sourceTree = "<group>"; };
		D20A923B1DB9EB95006EF294 /* LSPageController.h */ = {isa = PBXFileReference; fileEncoding = 4; lastKnownFileType = sourcecode.c.h; path = LSPageController.h; sourceTree = "<group>"; };
		D20A923C1DB9EB95006EF294 /* LSPageController.m */ = {isa = PBXFileReference; fileEncoding = 4; lastKnownFileType = sourcecode.c.objc; path = LSPageController.m; sourceTree = "<group>"; };
		D20A923F1DB9ECB1006EF294 /* AFNetConnection.h */ = {isa = PBXFileReference; fileEncoding = 4; lastKnownFileType = sourcecode.c.h; path = AFNetConnection.h; sourceTree = "<group>"; };
		D20A92401DB9ECB1006EF294 /* AFNetConnection.m */ = {isa = PBXFileReference; fileEncoding = 4; lastKnownFileType = sourcecode.c.objc; path = AFNetConnection.m; sourceTree = "<group>"; };
		D20A92421DB9F29F006EF294 /* AFNet.h */ = {isa = PBXFileReference; fileEncoding = 4; lastKnownFileType = sourcecode.c.h; path = AFNet.h; sourceTree = "<group>"; };
		D20A92431DB9F29F006EF294 /* AFNet.m */ = {isa = PBXFileReference; fileEncoding = 4; lastKnownFileType = sourcecode.c.objc; path = AFNet.m; sourceTree = "<group>"; };
		D20A92451DB9F2DA006EF294 /* AFMethod.h */ = {isa = PBXFileReference; lastKnownFileType = sourcecode.c.h; path = AFMethod.h; sourceTree = "<group>"; };
		D20A92471DB9F66F006EF294 /* PrefixHeader.pch */ = {isa = PBXFileReference; lastKnownFileType = sourcecode.c.h; path = PrefixHeader.pch; sourceTree = "<group>"; };
		D20A92491DB9FA3D006EF294 /* JSON.h */ = {isa = PBXFileReference; fileEncoding = 4; lastKnownFileType = sourcecode.c.h; path = JSON.h; sourceTree = "<group>"; };
		D20A924A1DB9FA3D006EF294 /* NSObject+SBJSON.h */ = {isa = PBXFileReference; fileEncoding = 4; lastKnownFileType = sourcecode.c.h; path = "NSObject+SBJSON.h"; sourceTree = "<group>"; };
		D20A924B1DB9FA3D006EF294 /* NSObject+SBJSON.m */ = {isa = PBXFileReference; fileEncoding = 4; lastKnownFileType = sourcecode.c.objc; path = "NSObject+SBJSON.m"; sourceTree = "<group>"; };
		D20A924C1DB9FA3D006EF294 /* NSString+SBJSON.h */ = {isa = PBXFileReference; fileEncoding = 4; lastKnownFileType = sourcecode.c.h; path = "NSString+SBJSON.h"; sourceTree = "<group>"; };
		D20A924D1DB9FA3D006EF294 /* NSString+SBJSON.m */ = {isa = PBXFileReference; fileEncoding = 4; lastKnownFileType = sourcecode.c.objc; path = "NSString+SBJSON.m"; sourceTree = "<group>"; };
		D20A924E1DB9FA3D006EF294 /* SBJSON.h */ = {isa = PBXFileReference; fileEncoding = 4; lastKnownFileType = sourcecode.c.h; path = SBJSON.h; sourceTree = "<group>"; };
		D20A924F1DB9FA3D006EF294 /* SBJSON.m */ = {isa = PBXFileReference; fileEncoding = 4; lastKnownFileType = sourcecode.c.objc; path = SBJSON.m; sourceTree = "<group>"; };
		D20A92501DB9FA3D006EF294 /* SBJsonBase.h */ = {isa = PBXFileReference; fileEncoding = 4; lastKnownFileType = sourcecode.c.h; path = SBJsonBase.h; sourceTree = "<group>"; };
		D20A92511DB9FA3D006EF294 /* SBJsonBase.m */ = {isa = PBXFileReference; fileEncoding = 4; lastKnownFileType = sourcecode.c.objc; path = SBJsonBase.m; sourceTree = "<group>"; };
		D20A92521DB9FA3D006EF294 /* SBJsonParser.h */ = {isa = PBXFileReference; fileEncoding = 4; lastKnownFileType = sourcecode.c.h; path = SBJsonParser.h; sourceTree = "<group>"; };
		D20A92531DB9FA3D006EF294 /* SBJsonParser.m */ = {isa = PBXFileReference; fileEncoding = 4; lastKnownFileType = sourcecode.c.objc; path = SBJsonParser.m; sourceTree = "<group>"; };
		D20A92541DB9FA3D006EF294 /* SBJsonWriter.h */ = {isa = PBXFileReference; fileEncoding = 4; lastKnownFileType = sourcecode.c.h; path = SBJsonWriter.h; sourceTree = "<group>"; };
		D20A92551DB9FA3D006EF294 /* SBJsonWriter.m */ = {isa = PBXFileReference; fileEncoding = 4; lastKnownFileType = sourcecode.c.objc; path = SBJsonWriter.m; sourceTree = "<group>"; };
		D20A925C1DB9FB86006EF294 /* AFNetConnection+Cache.h */ = {isa = PBXFileReference; fileEncoding = 4; lastKnownFileType = sourcecode.c.h; path = "AFNetConnection+Cache.h"; sourceTree = "<group>"; };
		D20A925D1DB9FB86006EF294 /* AFNetConnection+Cache.m */ = {isa = PBXFileReference; fileEncoding = 4; lastKnownFileType = sourcecode.c.objc; path = "AFNetConnection+Cache.m"; sourceTree = "<group>"; };
		D20A925F1DB9FBFA006EF294 /* SOAPConnection.h */ = {isa = PBXFileReference; fileEncoding = 4; lastKnownFileType = sourcecode.c.h; path = SOAPConnection.h; sourceTree = "<group>"; };
		D20A92601DB9FBFA006EF294 /* SOAPConnection.m */ = {isa = PBXFileReference; fileEncoding = 4; lastKnownFileType = sourcecode.c.objc; path = SOAPConnection.m; sourceTree = "<group>"; };
		D20A92621DB9FE6A006EF294 /* constance.h */ = {isa = PBXFileReference; fileEncoding = 4; lastKnownFileType = sourcecode.c.h; path = constance.h; sourceTree = "<group>"; };
		D20A92681DBA0117006EF294 /* RegexKitLite.h */ = {isa = PBXFileReference; fileEncoding = 4; lastKnownFileType = sourcecode.c.h; path = RegexKitLite.h; sourceTree = "<group>"; };
		D20A92691DBA0117006EF294 /* RegexKitLite.m */ = {isa = PBXFileReference; fileEncoding = 4; lastKnownFileType = sourcecode.c.objc; path = RegexKitLite.m; sourceTree = "<group>"; };
		D20A926C1DBA05C8006EF294 /* libicucore.tbd */ = {isa = PBXFileReference; lastKnownFileType = "sourcecode.text-based-dylib-definition"; name = libicucore.tbd; path = usr/lib/libicucore.tbd; sourceTree = SDKROOT; };
		D20A926E1DBA0751006EF294 /* CommonAFNet.h */ = {isa = PBXFileReference; fileEncoding = 4; lastKnownFileType = sourcecode.c.h; path = CommonAFNet.h; sourceTree = "<group>"; };
		D20A926F1DBA0751006EF294 /* CommonAFNet.m */ = {isa = PBXFileReference; fileEncoding = 4; lastKnownFileType = sourcecode.c.objc; path = CommonAFNet.m; sourceTree = "<group>"; };
		D20A92731DBC5790006EF294 /* LSCacheManager.h */ = {isa = PBXFileReference; fileEncoding = 4; lastKnownFileType = sourcecode.c.h; path = LSCacheManager.h; sourceTree = "<group>"; };
		D20A92741DBC5790006EF294 /* LSCacheManager.m */ = {isa = PBXFileReference; fileEncoding = 4; lastKnownFileType = sourcecode.c.objc; path = LSCacheManager.m; sourceTree = "<group>"; };
		D20A92751DBC5790006EF294 /* LSCommonCrypto.h */ = {isa = PBXFileReference; fileEncoding = 4; lastKnownFileType = sourcecode.c.h; path = LSCommonCrypto.h; sourceTree = "<group>"; };
		D20A92761DBC5790006EF294 /* LSCommonCrypto.m */ = {isa = PBXFileReference; fileEncoding = 4; lastKnownFileType = sourcecode.c.objc; path = LSCommonCrypto.m; sourceTree = "<group>"; };
		D20A927C1DBC6080006EF294 /* AFNetConnection+synthesisGetUrl.h */ = {isa = PBXFileReference; fileEncoding = 4; lastKnownFileType = sourcecode.c.h; path = "AFNetConnection+synthesisGetUrl.h"; sourceTree = "<group>"; };
		D20A927D1DBC6080006EF294 /* AFNetConnection+synthesisGetUrl.m */ = {isa = PBXFileReference; fileEncoding = 4; lastKnownFileType = sourcecode.c.objc; path = "AFNetConnection+synthesisGetUrl.m"; sourceTree = "<group>"; };
		D20A927F1DBC6451006EF294 /* TSAFNet.h */ = {isa = PBXFileReference; fileEncoding = 4; lastKnownFileType = sourcecode.c.h; path = TSAFNet.h; sourceTree = "<group>"; };
		D20A92801DBC6451006EF294 /* TSAFNet.m */ = {isa = PBXFileReference; fileEncoding = 4; lastKnownFileType = sourcecode.c.objc; path = TSAFNet.m; sourceTree = "<group>"; };
		D20A92821DBC666F006EF294 /* SMAFNet.h */ = {isa = PBXFileReference; fileEncoding = 4; lastKnownFileType = sourcecode.c.h; path = SMAFNet.h; sourceTree = "<group>"; };
		D20A92831DBC666F006EF294 /* SMAFNet.m */ = {isa = PBXFileReference; fileEncoding = 4; lastKnownFileType = sourcecode.c.objc; path = SMAFNet.m; sourceTree = "<group>"; };
		D20A92851DBC6762006EF294 /* RPAFNet.h */ = {isa = PBXFileReference; fileEncoding = 4; lastKnownFileType = sourcecode.c.h; path = RPAFNet.h; sourceTree = "<group>"; };
		D20A92861DBC6762006EF294 /* RPAFNet.m */ = {isa = PBXFileReference; fileEncoding = 4; lastKnownFileType = sourcecode.c.objc; path = RPAFNet.m; sourceTree = "<group>"; };
		D20A928B1DBC688F006EF294 /* USTAFNet.h */ = {isa = PBXFileReference; fileEncoding = 4; lastKnownFileType = sourcecode.c.h; path = USTAFNet.h; sourceTree = "<group>"; };
		D20A928C1DBC688F006EF294 /* USTAFNet.m */ = {isa = PBXFileReference; fileEncoding = 4; lastKnownFileType = sourcecode.c.objc; path = USTAFNet.m; sourceTree = "<group>"; };
		D20A928F1DBC7F15006EF294 /* SVIndefiniteAnimatedView.h */ = {isa = PBXFileReference; fileEncoding = 4; lastKnownFileType = sourcecode.c.h; path = SVIndefiniteAnimatedView.h; sourceTree = "<group>"; };
		D20A92901DBC7F15006EF294 /* SVIndefiniteAnimatedView.m */ = {isa = PBXFileReference; fileEncoding = 4; lastKnownFileType = sourcecode.c.objc; path = SVIndefiniteAnimatedView.m; sourceTree = "<group>"; };
		D20A92911DBC7F15006EF294 /* SVProgressHUD+LSTemplate.h */ = {isa = PBXFileReference; fileEncoding = 4; lastKnownFileType = sourcecode.c.h; path = "SVProgressHUD+LSTemplate.h"; sourceTree = "<group>"; };
		D20A92921DBC7F15006EF294 /* SVProgressHUD+LSTemplate.m */ = {isa = PBXFileReference; fileEncoding = 4; lastKnownFileType = sourcecode.c.objc; path = "SVProgressHUD+LSTemplate.m"; sourceTree = "<group>"; };
		D20A92931DBC7F15006EF294 /* SVProgressHUD.bundle */ = {isa = PBXFileReference; lastKnownFileType = "wrapper.plug-in"; path = SVProgressHUD.bundle; sourceTree = "<group>"; };
		D20A92941DBC7F15006EF294 /* SVProgressHUD.h */ = {isa = PBXFileReference; fileEncoding = 4; lastKnownFileType = sourcecode.c.h; path = SVProgressHUD.h; sourceTree = "<group>"; };
		D20A92951DBC7F15006EF294 /* SVProgressHUD.m */ = {isa = PBXFileReference; fileEncoding = 4; lastKnownFileType = sourcecode.c.objc; path = SVProgressHUD.m; sourceTree = "<group>"; };
		D20A929B1DBC8228006EF294 /* UIScrollView+MJRefresh.h */ = {isa = PBXFileReference; fileEncoding = 4; lastKnownFileType = sourcecode.c.h; path = "UIScrollView+MJRefresh.h"; sourceTree = "<group>"; };
		D20A929C1DBC8228006EF294 /* UIScrollView+MJRefresh.m */ = {isa = PBXFileReference; fileEncoding = 4; lastKnownFileType = sourcecode.c.objc; path = "UIScrollView+MJRefresh.m"; sourceTree = "<group>"; };
/* End PBXFileReference section */

/* Begin PBXFrameworksBuildPhase section */
		D20A91ED1DB9E8D9006EF294 /* Frameworks */ = {
			isa = PBXFrameworksBuildPhase;
			buildActionMask = 2147483647;
			files = (
				D20A926D1DBA05C8006EF294 /* libicucore.tbd in Frameworks */,
			);
			runOnlyForDeploymentPostprocessing = 0;
		};
		D20A92061DB9E8DA006EF294 /* Frameworks */ = {
			isa = PBXFrameworksBuildPhase;
			buildActionMask = 2147483647;
			files = (
			);
			runOnlyForDeploymentPostprocessing = 0;
		};
		D20A92111DB9E8DA006EF294 /* Frameworks */ = {
			isa = PBXFrameworksBuildPhase;
			buildActionMask = 2147483647;
			files = (
			);
			runOnlyForDeploymentPostprocessing = 0;
		};
/* End PBXFrameworksBuildPhase section */

/* Begin PBXGroup section */
		D20A91E71DB9E8D9006EF294 = {
			isa = PBXGroup;
			children = (
				D20A929A1DBC8222006EF294 /* venders */,
				D20A923E1DB9EC69006EF294 /* net */,
				D20A91F21DB9E8D9006EF294 /* af替换asi */,
				D20A92261DB9EA91006EF294 /* 第三方库 */,
				D20A920C1DB9E8DA006EF294 /* af替换asiTests */,
				D20A91F11DB9E8D9006EF294 /* Products */,
				D20A926B1DBA05C8006EF294 /* Frameworks */,
			);
			sourceTree = "<group>";
		};
		D20A91F11DB9E8D9006EF294 /* Products */ = {
			isa = PBXGroup;
			children = (
				D20A91F01DB9E8D9006EF294 /* af替换asi.app */,
				D20A92091DB9E8DA006EF294 /* af替换asiTests.xctest */,
				D20A92141DB9E8DA006EF294 /* af替换asiUITests.xctest */,
			);
			name = Products;
			sourceTree = "<group>";
		};
		D20A91F21DB9E8D9006EF294 /* af替换asi */ = {
			isa = PBXGroup;
			children = (
				D20A91F61DB9E8D9006EF294 /* AppDelegate.h */,
				D20A91F71DB9E8D9006EF294 /* AppDelegate.m */,
				D20A91F91DB9E8D9006EF294 /* ViewController.h */,
				D20A91FA1DB9E8D9006EF294 /* ViewController.m */,
				D20A923B1DB9EB95006EF294 /* LSPageController.h */,
				D20A923C1DB9EB95006EF294 /* LSPageController.m */,
				D20A91FC1DB9E8D9006EF294 /* Main.storyboard */,
				D20A91FF1DB9E8D9006EF294 /* Assets.xcassets */,
				D20A92011DB9E8D9006EF294 /* LaunchScreen.storyboard */,
				D20A92041DB9E8D9006EF294 /* Info.plist */,
				D20A91F31DB9E8D9006EF294 /* Supporting Files */,
			);
			path = "af替换asi";
			sourceTree = "<group>";
		};
		D20A91F31DB9E8D9006EF294 /* Supporting Files */ = {
			isa = PBXGroup;
			children = (
				D20A92621DB9FE6A006EF294 /* constance.h */,
				D20A91F41DB9E8D9006EF294 /* main.m */,
			);
			name = "Supporting Files";
			sourceTree = "<group>";
		};
		D20A920C1DB9E8DA006EF294 /* af替换asiTests */ = {
			isa = PBXGroup;
			children = (
				D20A920D1DB9E8DA006EF294 /* af__asiTests.m */,
				D20A920F1DB9E8DA006EF294 /* Info.plist */,
				D20A92471DB9F66F006EF294 /* PrefixHeader.pch */,
			);
			path = "af替换asiTests";
			sourceTree = "<group>";
		};
		D20A92261DB9EA91006EF294 /* 第三方库 */ = {
			isa = PBXGroup;
			children = (
				D20A928E1DBC7F15006EF294 /* SVProgressHUD */,
				D20A92671DBA0117006EF294 /* RegexKitLite */,
				D20A92481DB9FA3D006EF294 /* SBJSON */,
				D20A92271DB9EAF5006EF294 /* AFNetworking */,
			);
			path = "第三方库";
			sourceTree = "<group>";
		};
		D20A92271DB9EAF5006EF294 /* AFNetworking */ = {
			isa = PBXGroup;
			children = (
				D20A92281DB9EAF5006EF294 /* AFHTTPSessionManager.h */,
				D20A92291DB9EAF5006EF294 /* AFHTTPSessionManager.m */,
				D20A922A1DB9EAF5006EF294 /* AFNetworking.h */,
				D20A922B1DB9EAF5006EF294 /* AFNetworkReachabilityManager.h */,
				D20A922C1DB9EAF5006EF294 /* AFNetworkReachabilityManager.m */,
				D20A922D1DB9EAF5006EF294 /* AFSecurityPolicy.h */,
				D20A922E1DB9EAF5006EF294 /* AFSecurityPolicy.m */,
				D20A922F1DB9EAF5006EF294 /* AFURLRequestSerialization.h */,
				D20A92301DB9EAF5006EF294 /* AFURLRequestSerialization.m */,
				D20A92311DB9EAF5006EF294 /* AFURLResponseSerialization.h */,
				D20A92321DB9EAF5006EF294 /* AFURLResponseSerialization.m */,
				D20A92331DB9EAF5006EF294 /* AFURLSessionManager.h */,
				D20A92341DB9EAF5006EF294 /* AFURLSessionManager.m */,
			);
			path = AFNetworking;
			sourceTree = "<group>";
		};
		D20A923E1DB9EC69006EF294 /* net */ = {
			isa = PBXGroup;
			children = (
				D20A928B1DBC688F006EF294 /* USTAFNet.h */,
				D20A928C1DBC688F006EF294 /* USTAFNet.m */,
				D20A92851DBC6762006EF294 /* RPAFNet.h */,
				D20A92861DBC6762006EF294 /* RPAFNet.m */,
				D20A92821DBC666F006EF294 /* SMAFNet.h */,
				D20A92831DBC666F006EF294 /* SMAFNet.m */,
				D20A927F1DBC6451006EF294 /* TSAFNet.h */,
				D20A92801DBC6451006EF294 /* TSAFNet.m */,
				D20A926E1DBA0751006EF294 /* CommonAFNet.h */,
				D20A926F1DBA0751006EF294 /* CommonAFNet.m */,
				D20A92421DB9F29F006EF294 /* AFNet.h */,
				D20A92431DB9F29F006EF294 /* AFNet.m */,
				D20A923F1DB9ECB1006EF294 /* AFNetConnection.h */,
				D20A92401DB9ECB1006EF294 /* AFNetConnection.m */,
				D20A925F1DB9FBFA006EF294 /* SOAPConnection.h */,
				D20A92601DB9FBFA006EF294 /* SOAPConnection.m */,
				D20A92451DB9F2DA006EF294 /* AFMethod.h */,
				D20A925C1DB9FB86006EF294 /* AFNetConnection+Cache.h */,
				D20A925D1DB9FB86006EF294 /* AFNetConnection+Cache.m */,
				D20A927C1DBC6080006EF294 /* AFNetConnection+synthesisGetUrl.h */,
				D20A927D1DBC6080006EF294 /* AFNetConnection+synthesisGetUrl.m */,
				D20A92731DBC5790006EF294 /* LSCacheManager.h */,
				D20A92741DBC5790006EF294 /* LSCacheManager.m */,
				D20A92751DBC5790006EF294 /* LSCommonCrypto.h */,
				D20A92761DBC5790006EF294 /* LSCommonCrypto.m */,
			);
			path = net;
			sourceTree = "<group>";
		};
		D20A92481DB9FA3D006EF294 /* SBJSON */ = {
			isa = PBXGroup;
			children = (
				D20A92491DB9FA3D006EF294 /* JSON.h */,
				D20A924A1DB9FA3D006EF294 /* NSObject+SBJSON.h */,
				D20A924B1DB9FA3D006EF294 /* NSObject+SBJSON.m */,
				D20A924C1DB9FA3D006EF294 /* NSString+SBJSON.h */,
				D20A924D1DB9FA3D006EF294 /* NSString+SBJSON.m */,
				D20A924E1DB9FA3D006EF294 /* SBJSON.h */,
				D20A924F1DB9FA3D006EF294 /* SBJSON.m */,
				D20A92501DB9FA3D006EF294 /* SBJsonBase.h */,
				D20A92511DB9FA3D006EF294 /* SBJsonBase.m */,
				D20A92521DB9FA3D006EF294 /* SBJsonParser.h */,
				D20A92531DB9FA3D006EF294 /* SBJsonParser.m */,
				D20A92541DB9FA3D006EF294 /* SBJsonWriter.h */,
				D20A92551DB9FA3D006EF294 /* SBJsonWriter.m */,
			);
			path = SBJSON;
			sourceTree = "<group>";
		};
		D20A92671DBA0117006EF294 /* RegexKitLite */ = {
			isa = PBXGroup;
			children = (
				D20A92681DBA0117006EF294 /* RegexKitLite.h */,
				D20A92691DBA0117006EF294 /* RegexKitLite.m */,
			);
			path = RegexKitLite;
			sourceTree = "<group>";
		};
		D20A926B1DBA05C8006EF294 /* Frameworks */ = {
			isa = PBXGroup;
			children = (
				D20A926C1DBA05C8006EF294 /* libicucore.tbd */,
			);
			name = Frameworks;
			sourceTree = "<group>";
		};
		D20A928E1DBC7F15006EF294 /* SVProgressHUD */ = {
			isa = PBXGroup;
			children = (
				D20A928F1DBC7F15006EF294 /* SVIndefiniteAnimatedView.h */,
				D20A92901DBC7F15006EF294 /* SVIndefiniteAnimatedView.m */,
				D20A92911DBC7F15006EF294 /* SVProgressHUD+LSTemplate.h */,
				D20A92921DBC7F15006EF294 /* SVProgressHUD+LSTemplate.m */,
				D20A92931DBC7F15006EF294 /* SVProgressHUD.bundle */,
				D20A92941DBC7F15006EF294 /* SVProgressHUD.h */,
				D20A92951DBC7F15006EF294 /* SVProgressHUD.m */,
			);
			path = SVProgressHUD;
			sourceTree = "<group>";
		};
		D20A929A1DBC8222006EF294 /* venders */ = {
			isa = PBXGroup;
			children = (
				D20A929B1DBC8228006EF294 /* UIScrollView+MJRefresh.h */,
				D20A929C1DBC8228006EF294 /* UIScrollView+MJRefresh.m */,
			);
			path = venders;
			sourceTree = "<group>";
		};
/* End PBXGroup section */

/* Begin PBXNativeTarget section */
		D20A91EF1DB9E8D9006EF294 /* af替换asi */ = {
			isa = PBXNativeTarget;
			buildConfigurationList = D20A921D1DB9E8DA006EF294 /* Build configuration list for PBXNativeTarget "af替换asi" */;
			buildPhases = (
				D20A91EC1DB9E8D9006EF294 /* Sources */,
				D20A91ED1DB9E8D9006EF294 /* Frameworks */,
				D20A91EE1DB9E8D9006EF294 /* Resources */,
			);
			buildRules = (
			);
			dependencies = (
			);
			name = "af替换asi";
			productName = "af替换asi";
			productReference = D20A91F01DB9E8D9006EF294 /* af替换asi.app */;
			productType = "com.apple.product-type.application";
		};
		D20A92081DB9E8DA006EF294 /* af替换asiTests */ = {
			isa = PBXNativeTarget;
			buildConfigurationList = D20A92201DB9E8DA006EF294 /* Build configuration list for PBXNativeTarget "af替换asiTests" */;
			buildPhases = (
				D20A92051DB9E8DA006EF294 /* Sources */,
				D20A92061DB9E8DA006EF294 /* Frameworks */,
				D20A92071DB9E8DA006EF294 /* Resources */,
			);
			buildRules = (
			);
			dependencies = (
				D20A920B1DB9E8DA006EF294 /* PBXTargetDependency */,
			);
			name = "af替换asiTests";
			productName = "af替换asiTests";
			productReference = D20A92091DB9E8DA006EF294 /* af替换asiTests.xctest */;
			productType = "com.apple.product-type.bundle.unit-test";
		};
		D20A92131DB9E8DA006EF294 /* af替换asiUITests */ = {
			isa = PBXNativeTarget;
			buildConfigurationList = D20A92231DB9E8DA006EF294 /* Build configuration list for PBXNativeTarget "af替换asiUITests" */;
			buildPhases = (
				D20A92101DB9E8DA006EF294 /* Sources */,
				D20A92111DB9E8DA006EF294 /* Frameworks */,
				D20A92121DB9E8DA006EF294 /* Resources */,
			);
			buildRules = (
			);
			dependencies = (
				D20A92161DB9E8DA006EF294 /* PBXTargetDependency */,
			);
			name = "af替换asiUITests";
			productName = "af替换asiUITests";
			productReference = D20A92141DB9E8DA006EF294 /* af替换asiUITests.xctest */;
			productType = "com.apple.product-type.bundle.ui-testing";
		};
/* End PBXNativeTarget section */

/* Begin PBXProject section */
		D20A91E81DB9E8D9006EF294 /* Project object */ = {
			isa = PBXProject;
			attributes = {
				LastUpgradeCheck = 0800;
				ORGANIZATIONNAME = Tesiro;
				TargetAttributes = {
					D20A91EF1DB9E8D9006EF294 = {
						CreatedOnToolsVersion = 8.0;
						DevelopmentTeam = DW7TB8NK56;
						ProvisioningStyle = Automatic;
					};
					D20A92081DB9E8DA006EF294 = {
						CreatedOnToolsVersion = 8.0;
						ProvisioningStyle = Automatic;
						TestTargetID = D20A91EF1DB9E8D9006EF294;
					};
					D20A92131DB9E8DA006EF294 = {
						CreatedOnToolsVersion = 8.0;
						ProvisioningStyle = Automatic;
						TestTargetID = D20A91EF1DB9E8D9006EF294;
					};
				};
			};
			buildConfigurationList = D20A91EB1DB9E8D9006EF294 /* Build configuration list for PBXProject "af替换asi" */;
			compatibilityVersion = "Xcode 3.2";
			developmentRegion = English;
			hasScannedForEncodings = 0;
			knownRegions = (
				en,
				Base,
			);
			mainGroup = D20A91E71DB9E8D9006EF294;
			productRefGroup = D20A91F11DB9E8D9006EF294 /* Products */;
			projectDirPath = "";
			projectRoot = "";
			targets = (
				D20A91EF1DB9E8D9006EF294 /* af替换asi */,
				D20A92081DB9E8DA006EF294 /* af替换asiTests */,
				D20A92131DB9E8DA006EF294 /* af替换asiUITests */,
			);
		};
/* End PBXProject section */

/* Begin PBXResourcesBuildPhase section */
		D20A91EE1DB9E8D9006EF294 /* Resources */ = {
			isa = PBXResourcesBuildPhase;
			buildActionMask = 2147483647;
			files = (
				D20A92031DB9E8D9006EF294 /* LaunchScreen.storyboard in Resources */,
				D20A92001DB9E8D9006EF294 /* Assets.xcassets in Resources */,
				D20A91FE1DB9E8D9006EF294 /* Main.storyboard in Resources */,
				D20A92981DBC7F15006EF294 /* SVProgressHUD.bundle in Resources */,
			);
			runOnlyForDeploymentPostprocessing = 0;
		};
		D20A92071DB9E8DA006EF294 /* Resources */ = {
			isa = PBXResourcesBuildPhase;
			buildActionMask = 2147483647;
			files = (
			);
			runOnlyForDeploymentPostprocessing = 0;
		};
		D20A92121DB9E8DA006EF294 /* Resources */ = {
			isa = PBXResourcesBuildPhase;
			buildActionMask = 2147483647;
			files = (
			);
			runOnlyForDeploymentPostprocessing = 0;
		};
/* End PBXResourcesBuildPhase section */

/* Begin PBXSourcesBuildPhase section */
		D20A91EC1DB9E8D9006EF294 /* Sources */ = {
			isa = PBXSourcesBuildPhase;
			buildActionMask = 2147483647;
			files = (
				D20A926A1DBA0117006EF294 /* RegexKitLite.m in Sources */,
				D20A92441DB9F29F006EF294 /* AFNet.m in Sources */,
				D20A92591DB9FA3D006EF294 /* SBJsonBase.m in Sources */,
				D20A927E1DBC6080006EF294 /* AFNetConnection+synthesisGetUrl.m in Sources */,
				D20A923A1DB9EAF5006EF294 /* AFURLSessionManager.m in Sources */,
				D20A92961DBC7F15006EF294 /* SVIndefiniteAnimatedView.m in Sources */,
				D20A91FB1DB9E8D9006EF294 /* ViewController.m in Sources */,
				D20A92841DBC666F006EF294 /* SMAFNet.m in Sources */,
				D20A92701DBA0751006EF294 /* CommonAFNet.m in Sources */,
				D20A92991DBC7F15006EF294 /* SVProgressHUD.m in Sources */,
				D20A91F81DB9E8D9006EF294 /* AppDelegate.m in Sources */,
				D20A92411DB9ECB1006EF294 /* AFNetConnection.m in Sources */,
				D20A92771DBC5790006EF294 /* LSCacheManager.m in Sources */,
				D20A92361DB9EAF5006EF294 /* AFNetworkReachabilityManager.m in Sources */,
				D20A92871DBC6762006EF294 /* RPAFNet.m in Sources */,
				D20A91F51DB9E8D9006EF294 /* main.m in Sources */,
				D20A92371DB9EAF5006EF294 /* AFSecurityPolicy.m in Sources */,
				D20A925E1DB9FB86006EF294 /* AFNetConnection+Cache.m in Sources */,
				D20A92611DB9FBFA006EF294 /* SOAPConnection.m in Sources */,
				D20A92381DB9EAF5006EF294 /* AFURLRequestSerialization.m in Sources */,
				D20A925A1DB9FA3D006EF294 /* SBJsonParser.m in Sources */,
				D20A92971DBC7F15006EF294 /* SVProgressHUD+LSTemplate.m in Sources */,
				D20A92581DB9FA3D006EF294 /* SBJSON.m in Sources */,
				D20A929E1DBC8228006EF294 /* UIScrollView+MJRefresh.m in Sources */,
				D20A92391DB9EAF5006EF294 /* AFURLResponseSerialization.m in Sources */,
				D20A925B1DB9FA3D006EF294 /* SBJsonWriter.m in Sources */,
				D20A92351DB9EAF5006EF294 /* AFHTTPSessionManager.m in Sources */,
				D20A92781DBC5790006EF294 /* LSCommonCrypto.m in Sources */,
				D20A928D1DBC688F006EF294 /* USTAFNet.m in Sources */,
				D20A92561DB9FA3D006EF294 /* NSObject+SBJSON.m in Sources */,
				D20A92571DB9FA3D006EF294 /* NSString+SBJSON.m in Sources */,
				D20A923D1DB9EB95006EF294 /* LSPageController.m in Sources */,
				D20A92811DBC6451006EF294 /* TSAFNet.m in Sources */,
			);
			runOnlyForDeploymentPostprocessing = 0;
		};
		D20A92051DB9E8DA006EF294 /* Sources */ = {
			isa = PBXSourcesBuildPhase;
			buildActionMask = 2147483647;
			files = (
				D20A920E1DB9E8DA006EF294 /* af__asiTests.m in Sources */,
			);
			runOnlyForDeploymentPostprocessing = 0;
		};
		D20A92101DB9E8DA006EF294 /* Sources */ = {
			isa = PBXSourcesBuildPhase;
			buildActionMask = 2147483647;
			files = (
			);
			runOnlyForDeploymentPostprocessing = 0;
		};
/* End PBXSourcesBuildPhase section */

/* Begin PBXTargetDependency section */
		D20A920B1DB9E8DA006EF294 /* PBXTargetDependency */ = {
			isa = PBXTargetDependency;
			target = D20A91EF1DB9E8D9006EF294 /* af替换asi */;
			targetProxy = D20A920A1DB9E8DA006EF294 /* PBXContainerItemProxy */;
		};
		D20A92161DB9E8DA006EF294 /* PBXTargetDependency */ = {
			isa = PBXTargetDependency;
			target = D20A91EF1DB9E8D9006EF294 /* af替换asi */;
			targetProxy = D20A92151DB9E8DA006EF294 /* PBXContainerItemProxy */;
		};
/* End PBXTargetDependency section */

/* Begin PBXVariantGroup section */
		D20A91FC1DB9E8D9006EF294 /* Main.storyboard */ = {
			isa = PBXVariantGroup;
			children = (
				D20A91FD1DB9E8D9006EF294 /* Base */,
			);
			name = Main.storyboard;
			sourceTree = "<group>";
		};
		D20A92011DB9E8D9006EF294 /* LaunchScreen.storyboard */ = {
			isa = PBXVariantGroup;
			children = (
				D20A92021DB9E8D9006EF294 /* Base */,
			);
			name = LaunchScreen.storyboard;
			sourceTree = "<group>";
		};
/* End PBXVariantGroup section */

/* Begin XCBuildConfiguration section */
		D20A921B1DB9E8DA006EF294 /* Debug */ = {
			isa = XCBuildConfiguration;
			buildSettings = {
				ALWAYS_SEARCH_USER_PATHS = NO;
				CLANG_ANALYZER_NONNULL = YES;
				CLANG_CXX_LANGUAGE_STANDARD = "gnu++0x";
				CLANG_CXX_LIBRARY = "libc++";
				CLANG_ENABLE_MODULES = YES;
				CLANG_ENABLE_OBJC_ARC = YES;
				CLANG_WARN_BOOL_CONVERSION = YES;
				CLANG_WARN_CONSTANT_CONVERSION = YES;
				CLANG_WARN_DIRECT_OBJC_ISA_USAGE = YES_ERROR;
				CLANG_WARN_DOCUMENTATION_COMMENTS = YES;
				CLANG_WARN_EMPTY_BODY = YES;
				CLANG_WARN_ENUM_CONVERSION = YES;
				CLANG_WARN_INFINITE_RECURSION = YES;
				CLANG_WARN_INT_CONVERSION = YES;
				CLANG_WARN_OBJC_ROOT_CLASS = YES_ERROR;
				CLANG_WARN_SUSPICIOUS_MOVES = YES;
				CLANG_WARN_UNREACHABLE_CODE = YES;
				CLANG_WARN__DUPLICATE_METHOD_MATCH = YES;
				"CODE_SIGN_IDENTITY[sdk=iphoneos*]" = "iPhone Developer";
				COPY_PHASE_STRIP = NO;
				DEBUG_INFORMATION_FORMAT = dwarf;
				ENABLE_STRICT_OBJC_MSGSEND = YES;
				ENABLE_TESTABILITY = YES;
				GCC_C_LANGUAGE_STANDARD = gnu99;
				GCC_DYNAMIC_NO_PIC = NO;
				GCC_NO_COMMON_BLOCKS = YES;
				GCC_OPTIMIZATION_LEVEL = 0;
				GCC_PREPROCESSOR_DEFINITIONS = (
					"DEBUG=1",
					"$(inherited)",
				);
				GCC_WARN_64_TO_32_BIT_CONVERSION = YES;
				GCC_WARN_ABOUT_RETURN_TYPE = YES_ERROR;
				GCC_WARN_UNDECLARED_SELECTOR = YES;
				GCC_WARN_UNINITIALIZED_AUTOS = YES_AGGRESSIVE;
				GCC_WARN_UNUSED_FUNCTION = YES;
				GCC_WARN_UNUSED_VARIABLE = YES;
				IPHONEOS_DEPLOYMENT_TARGET = 10.0;
				MTL_ENABLE_DEBUG_INFO = YES;
				ONLY_ACTIVE_ARCH = YES;
				SDKROOT = iphoneos;
				TARGETED_DEVICE_FAMILY = "1,2";
			};
			name = Debug;
		};
		D20A921C1DB9E8DA006EF294 /* Release */ = {
			isa = XCBuildConfiguration;
			buildSettings = {
				ALWAYS_SEARCH_USER_PATHS = NO;
				CLANG_ANALYZER_NONNULL = YES;
				CLANG_CXX_LANGUAGE_STANDARD = "gnu++0x";
				CLANG_CXX_LIBRARY = "libc++";
				CLANG_ENABLE_MODULES = YES;
				CLANG_ENABLE_OBJC_ARC = YES;
				CLANG_WARN_BOOL_CONVERSION = YES;
				CLANG_WARN_CONSTANT_CONVERSION = YES;
				CLANG_WARN_DIRECT_OBJC_ISA_USAGE = YES_ERROR;
				CLANG_WARN_DOCUMENTATION_COMMENTS = YES;
				CLANG_WARN_EMPTY_BODY = YES;
				CLANG_WARN_ENUM_CONVERSION = YES;
				CLANG_WARN_INFINITE_RECURSION = YES;
				CLANG_WARN_INT_CONVERSION = YES;
				CLANG_WARN_OBJC_ROOT_CLASS = YES_ERROR;
				CLANG_WARN_SUSPICIOUS_MOVES = YES;
				CLANG_WARN_UNREACHABLE_CODE = YES;
				CLANG_WARN__DUPLICATE_METHOD_MATCH = YES;
				"CODE_SIGN_IDENTITY[sdk=iphoneos*]" = "iPhone Developer";
				COPY_PHASE_STRIP = NO;
				DEBUG_INFORMATION_FORMAT = "dwarf-with-dsym";
				ENABLE_NS_ASSERTIONS = NO;
				ENABLE_STRICT_OBJC_MSGSEND = YES;
				GCC_C_LANGUAGE_STANDARD = gnu99;
				GCC_NO_COMMON_BLOCKS = YES;
				GCC_WARN_64_TO_32_BIT_CONVERSION = YES;
				GCC_WARN_ABOUT_RETURN_TYPE = YES_ERROR;
				GCC_WARN_UNDECLARED_SELECTOR = YES;
				GCC_WARN_UNINITIALIZED_AUTOS = YES_AGGRESSIVE;
				GCC_WARN_UNUSED_FUNCTION = YES;
				GCC_WARN_UNUSED_VARIABLE = YES;
				IPHONEOS_DEPLOYMENT_TARGET = 10.0;
				MTL_ENABLE_DEBUG_INFO = NO;
				SDKROOT = iphoneos;
				TARGETED_DEVICE_FAMILY = "1,2";
				VALIDATE_PRODUCT = YES;
			};
			name = Release;
		};
		D20A921E1DB9E8DA006EF294 /* Debug */ = {
			isa = XCBuildConfiguration;
			buildSettings = {
				ASSETCATALOG_COMPILER_APPICON_NAME = AppIcon;
				CODE_SIGN_IDENTITY = "iPhone Developer";
				DEVELOPMENT_TEAM = DW7TB8NK56;
				GCC_PREFIX_HEADER = "af替换asiTests/PrefixHeader.pch";
				INFOPLIST_FILE = "af替换asi/Info.plist";
				LD_RUNPATH_SEARCH_PATHS = "$(inherited) @executable_path/Frameworks";
				PRODUCT_BUNDLE_IDENTIFIER = com.scetia.XieshiPrivate;
				PRODUCT_NAME = "$(TARGET_NAME)";
			};
			name = Debug;
		};
		D20A921F1DB9E8DA006EF294 /* Release */ = {
			isa = XCBuildConfiguration;
			buildSettings = {
				ASSETCATALOG_COMPILER_APPICON_NAME = AppIcon;
				CODE_SIGN_IDENTITY = "iPhone Developer";
				DEVELOPMENT_TEAM = DW7TB8NK56;
				GCC_PREFIX_HEADER = "af替换asiTests/PrefixHeader.pch";
				INFOPLIST_FILE = "af替换asi/Info.plist";
				LD_RUNPATH_SEARCH_PATHS = "$(inherited) @executable_path/Frameworks";
				PRODUCT_BUNDLE_IDENTIFIER = com.scetia.XieshiPrivate;
				PRODUCT_NAME = "$(TARGET_NAME)";
			};
			name = Release;
		};
		D20A92211DB9E8DA006EF294 /* Debug */ = {
			isa = XCBuildConfiguration;
			buildSettings = {
				BUNDLE_LOADER = "$(TEST_HOST)";
				INFOPLIST_FILE = "af替换asiTests/Info.plist";
				LD_RUNPATH_SEARCH_PATHS = "$(inherited) @executable_path/Frameworks @loader_path/Frameworks";
				PRODUCT_BUNDLE_IDENTIFIER = "com.xieshi.af--asiTests";
				PRODUCT_NAME = "$(TARGET_NAME)";
				TEST_HOST = "$(BUILT_PRODUCTS_DIR)/af替换asi.app/af替换asi";
			};
			name = Debug;
		};
		D20A92221DB9E8DA006EF294 /* Release */ = {
			isa = XCBuildConfiguration;
			buildSettings = {
				BUNDLE_LOADER = "$(TEST_HOST)";
				INFOPLIST_FILE = "af替换asiTests/Info.plist";
				LD_RUNPATH_SEARCH_PATHS = "$(inherited) @executable_path/Frameworks @loader_path/Frameworks";
				PRODUCT_BUNDLE_IDENTIFIER = "com.xieshi.af--asiTests";
				PRODUCT_NAME = "$(TARGET_NAME)";
				TEST_HOST = "$(BUILT_PRODUCTS_DIR)/af替换asi.app/af替换asi";
			};
			name = Release;
		};
		D20A92241DB9E8DA006EF294 /* Debug */ = {
			isa = XCBuildConfiguration;
			buildSettings = {
				INFOPLIST_FILE = "af替换asiUITests/Info.plist";
				LD_RUNPATH_SEARCH_PATHS = "$(inherited) @executable_path/Frameworks @loader_path/Frameworks";
				PRODUCT_BUNDLE_IDENTIFIER = "com.xieshi.af--asiUITests";
				PRODUCT_NAME = "$(TARGET_NAME)";
				TEST_TARGET_NAME = "af替换asi";
			};
			name = Debug;
		};
		D20A92251DB9E8DA006EF294 /* Release */ = {
			isa = XCBuildConfiguration;
			buildSettings = {
				INFOPLIST_FILE = "af替换asiUITests/Info.plist";
				LD_RUNPATH_SEARCH_PATHS = "$(inherited) @executable_path/Frameworks @loader_path/Frameworks";
				PRODUCT_BUNDLE_IDENTIFIER = "com.xieshi.af--asiUITests";
				PRODUCT_NAME = "$(TARGET_NAME)";
				TEST_TARGET_NAME = "af替换asi";
			};
			name = Release;
		};
/* End XCBuildConfiguration section */

/* Begin XCConfigurationList section */
		D20A91EB1DB9E8D9006EF294 /* Build configuration list for PBXProject "af替换asi" */ = {
			isa = XCConfigurationList;
			buildConfigurations = (
				D20A921B1DB9E8DA006EF294 /* Debug */,
				D20A921C1DB9E8DA006EF294 /* Release */,
			);
			defaultConfigurationIsVisible = 0;
			defaultConfigurationName = Release;
		};
		D20A921D1DB9E8DA006EF294 /* Build configuration list for PBXNativeTarget "af替换asi" */ = {
			isa = XCConfigurationList;
			buildConfigurations = (
				D20A921E1DB9E8DA006EF294 /* Debug */,
				D20A921F1DB9E8DA006EF294 /* Release */,
			);
			defaultConfigurationIsVisible = 0;
		};
		D20A92201DB9E8DA006EF294 /* Build configuration list for PBXNativeTarget "af替换asiTests" */ = {
			isa = XCConfigurationList;
			buildConfigurations = (
				D20A92211DB9E8DA006EF294 /* Debug */,
				D20A92221DB9E8DA006EF294 /* Release */,
			);
			defaultConfigurationIsVisible = 0;
		};
		D20A92231DB9E8DA006EF294 /* Build configuration list for PBXNativeTarget "af替换asiUITests" */ = {
			isa = XCConfigurationList;
			buildConfigurations = (
				D20A92241DB9E8DA006EF294 /* Debug */,
				D20A92251DB9E8DA006EF294 /* Release */,
			);
			defaultConfigurationIsVisible = 0;
		};
/* End XCConfigurationList section */
	};
	rootObject = D20A91E81DB9E8D9006EF294 /* Project object */;
}
